// !$*UTF8*$!
{
	archiveVersion = 1;
	classes = {
	};
	objectVersion = 46;
	objects = {

/* Begin PBXBuildFile section */
		DB12D80B1B30D23100020970 /* Deferred.h in Headers */ = {isa = PBXBuildFile; fileRef = DB12D80A1B30D23100020970 /* Deferred.h */; settings = {ATTRIBUTES = (Public, ); }; };
		DB12D8111B30D23200020970 /* Deferred.framework in Frameworks */ = {isa = PBXBuildFile; fileRef = DB12D8051B30D23100020970 /* Deferred.framework */; };
		DB12D8181B30D23200020970 /* DeferredTests.swift in Sources */ = {isa = PBXBuildFile; fileRef = DB12D8171B30D23200020970 /* DeferredTests.swift */; };
		DB12D8311B30D23A00020970 /* Deferred.framework in Frameworks */ = {isa = PBXBuildFile; fileRef = DB12D8261B30D23A00020970 /* Deferred.framework */; };
		DB12D83F1B30D25A00020970 /* Deferred.h in Headers */ = {isa = PBXBuildFile; fileRef = DB12D80A1B30D23100020970 /* Deferred.h */; settings = {ATTRIBUTES = (Public, ); }; };
		DB12D8401B30D26100020970 /* DeferredTests.swift in Sources */ = {isa = PBXBuildFile; fileRef = DB12D8171B30D23200020970 /* DeferredTests.swift */; };
		DB12D8441B30D29C00020970 /* Deferred.swift in Sources */ = {isa = PBXBuildFile; fileRef = DB12D8411B30D29C00020970 /* Deferred.swift */; };
		DB12D8451B30D29C00020970 /* Deferred.swift in Sources */ = {isa = PBXBuildFile; fileRef = DB12D8411B30D29C00020970 /* Deferred.swift */; };
		DB12D8461B30D29C00020970 /* LockProtected.swift in Sources */ = {isa = PBXBuildFile; fileRef = DB12D8421B30D29C00020970 /* LockProtected.swift */; };
		DB12D8471B30D29C00020970 /* LockProtected.swift in Sources */ = {isa = PBXBuildFile; fileRef = DB12D8421B30D29C00020970 /* LockProtected.swift */; };
		DB12D8481B30D29C00020970 /* ReadWriteLock.swift in Sources */ = {isa = PBXBuildFile; fileRef = DB12D8431B30D29C00020970 /* ReadWriteLock.swift */; };
		DB12D8491B30D29C00020970 /* ReadWriteLock.swift in Sources */ = {isa = PBXBuildFile; fileRef = DB12D8431B30D29C00020970 /* ReadWriteLock.swift */; };
		DB12D84D1B30D2CC00020970 /* LockProtectedTests.swift in Sources */ = {isa = PBXBuildFile; fileRef = DB12D84B1B30D2CC00020970 /* LockProtectedTests.swift */; };
		DB12D84E1B30D2CC00020970 /* LockProtectedTests.swift in Sources */ = {isa = PBXBuildFile; fileRef = DB12D84B1B30D2CC00020970 /* LockProtectedTests.swift */; };
		DB12D84F1B30D2CC00020970 /* ReadWriteLockTests.swift in Sources */ = {isa = PBXBuildFile; fileRef = DB12D84C1B30D2CC00020970 /* ReadWriteLockTests.swift */; };
		DB12D8501B30D2CC00020970 /* ReadWriteLockTests.swift in Sources */ = {isa = PBXBuildFile; fileRef = DB12D84C1B30D2CC00020970 /* ReadWriteLockTests.swift */; };
/* End PBXBuildFile section */

/* Begin PBXContainerItemProxy section */
		DB12D8121B30D23200020970 /* PBXContainerItemProxy */ = {
			isa = PBXContainerItemProxy;
			containerPortal = DB12D7FC1B30D23100020970 /* Project object */;
			proxyType = 1;
			remoteGlobalIDString = DB12D8041B30D23100020970;
			remoteInfo = Deferred;
		};
		DB12D8321B30D23A00020970 /* PBXContainerItemProxy */ = {
			isa = PBXContainerItemProxy;
			containerPortal = DB12D7FC1B30D23100020970 /* Project object */;
			proxyType = 1;
			remoteGlobalIDString = DB12D8251B30D23A00020970;
			remoteInfo = DeferredMac;
		};
/* End PBXContainerItemProxy section */

/* Begin PBXFileReference section */
		DB12D8051B30D23100020970 /* Deferred.framework */ = {isa = PBXFileReference; explicitFileType = wrapper.framework; includeInIndex = 0; path = Deferred.framework; sourceTree = BUILT_PRODUCTS_DIR; };
		DB12D8091B30D23100020970 /* Info.plist */ = {isa = PBXFileReference; lastKnownFileType = text.plist.xml; path = Info.plist; sourceTree = "<group>"; };
		DB12D80A1B30D23100020970 /* Deferred.h */ = {isa = PBXFileReference; lastKnownFileType = sourcecode.c.h; path = Deferred.h; sourceTree = "<group>"; };
		DB12D8101B30D23200020970 /* DeferredTests.xctest */ = {isa = PBXFileReference; explicitFileType = wrapper.cfbundle; includeInIndex = 0; path = DeferredTests.xctest; sourceTree = BUILT_PRODUCTS_DIR; };
		DB12D8161B30D23200020970 /* Info.plist */ = {isa = PBXFileReference; lastKnownFileType = text.plist.xml; path = Info.plist; sourceTree = "<group>"; };
		DB12D8171B30D23200020970 /* DeferredTests.swift */ = {isa = PBXFileReference; lastKnownFileType = sourcecode.swift; path = DeferredTests.swift; sourceTree = "<group>"; };
		DB12D8261B30D23A00020970 /* Deferred.framework */ = {isa = PBXFileReference; explicitFileType = wrapper.framework; includeInIndex = 0; path = Deferred.framework; sourceTree = BUILT_PRODUCTS_DIR; };
		DB12D8301B30D23A00020970 /* DeferredTests.xctest */ = {isa = PBXFileReference; explicitFileType = wrapper.cfbundle; includeInIndex = 0; path = DeferredTests.xctest; sourceTree = BUILT_PRODUCTS_DIR; };
		DB12D8411B30D29C00020970 /* Deferred.swift */ = {isa = PBXFileReference; fileEncoding = 4; lastKnownFileType = sourcecode.swift; path = Deferred.swift; sourceTree = "<group>"; };
		DB12D8421B30D29C00020970 /* LockProtected.swift */ = {isa = PBXFileReference; fileEncoding = 4; lastKnownFileType = sourcecode.swift; path = LockProtected.swift; sourceTree = "<group>"; };
		DB12D8431B30D29C00020970 /* ReadWriteLock.swift */ = {isa = PBXFileReference; fileEncoding = 4; lastKnownFileType = sourcecode.swift; path = ReadWriteLock.swift; sourceTree = "<group>"; };
		DB12D84B1B30D2CC00020970 /* LockProtectedTests.swift */ = {isa = PBXFileReference; fileEncoding = 4; lastKnownFileType = sourcecode.swift; path = LockProtectedTests.swift; sourceTree = "<group>"; };
		DB12D84C1B30D2CC00020970 /* ReadWriteLockTests.swift */ = {isa = PBXFileReference; fileEncoding = 4; lastKnownFileType = sourcecode.swift; path = ReadWriteLockTests.swift; sourceTree = "<group>"; };
/* End PBXFileReference section */

/* Begin PBXFrameworksBuildPhase section */
		DB12D8011B30D23100020970 /* Frameworks */ = {
			isa = PBXFrameworksBuildPhase;
			buildActionMask = 2147483647;
			files = (
			);
			runOnlyForDeploymentPostprocessing = 0;
		};
		DB12D80D1B30D23200020970 /* Frameworks */ = {
			isa = PBXFrameworksBuildPhase;
			buildActionMask = 2147483647;
			files = (
				DB12D8111B30D23200020970 /* Deferred.framework in Frameworks */,
			);
			runOnlyForDeploymentPostprocessing = 0;
		};
		DB12D8221B30D23A00020970 /* Frameworks */ = {
			isa = PBXFrameworksBuildPhase;
			buildActionMask = 2147483647;
			files = (
			);
			runOnlyForDeploymentPostprocessing = 0;
		};
		DB12D82D1B30D23A00020970 /* Frameworks */ = {
			isa = PBXFrameworksBuildPhase;
			buildActionMask = 2147483647;
			files = (
				DB12D8311B30D23A00020970 /* Deferred.framework in Frameworks */,
			);
			runOnlyForDeploymentPostprocessing = 0;
		};
/* End PBXFrameworksBuildPhase section */

/* Begin PBXGroup section */
		DB12D7FB1B30D23100020970 = {
			isa = PBXGroup;
			children = (
				DB12D8071B30D23100020970 /* Deferred */,
				DB12D8141B30D23200020970 /* DeferredTests */,
				DB12D8061B30D23100020970 /* Products */,
			);
			sourceTree = "<group>";
		};
		DB12D8061B30D23100020970 /* Products */ = {
			isa = PBXGroup;
			children = (
				DB12D8051B30D23100020970 /* Deferred.framework */,
				DB12D8101B30D23200020970 /* DeferredTests.xctest */,
				DB12D8261B30D23A00020970 /* Deferred.framework */,
				DB12D8301B30D23A00020970 /* DeferredTests.xctest */,
			);
			name = Products;
			sourceTree = "<group>";
		};
		DB12D8071B30D23100020970 /* Deferred */ = {
			isa = PBXGroup;
			children = (
				DB12D80A1B30D23100020970 /* Deferred.h */,
				DB12D8411B30D29C00020970 /* Deferred.swift */,
				DB12D84A1B30D2A500020970 /* Locking */,
				DB12D8081B30D23100020970 /* Supporting Files */,
			);
			path = Deferred;
			sourceTree = "<group>";
		};
		DB12D8081B30D23100020970 /* Supporting Files */ = {
			isa = PBXGroup;
			children = (
				DB12D8091B30D23100020970 /* Info.plist */,
			);
			name = "Supporting Files";
			sourceTree = "<group>";
		};
		DB12D8141B30D23200020970 /* DeferredTests */ = {
			isa = PBXGroup;
			children = (
				DB12D8171B30D23200020970 /* DeferredTests.swift */,
				DB12D8511B30D2CF00020970 /* Locking */,
				DB12D8151B30D23200020970 /* Supporting Files */,
			);
			path = DeferredTests;
			sourceTree = "<group>";
		};
		DB12D8151B30D23200020970 /* Supporting Files */ = {
			isa = PBXGroup;
			children = (
				DB12D8161B30D23200020970 /* Info.plist */,
			);
			name = "Supporting Files";
			sourceTree = "<group>";
		};
		DB12D84A1B30D2A500020970 /* Locking */ = {
			isa = PBXGroup;
			children = (
				DB12D8421B30D29C00020970 /* LockProtected.swift */,
				DB12D8431B30D29C00020970 /* ReadWriteLock.swift */,
			);
			name = Locking;
			sourceTree = "<group>";
		};
		DB12D8511B30D2CF00020970 /* Locking */ = {
			isa = PBXGroup;
			children = (
				DB12D84B1B30D2CC00020970 /* LockProtectedTests.swift */,
				DB12D84C1B30D2CC00020970 /* ReadWriteLockTests.swift */,
			);
			name = Locking;
			sourceTree = "<group>";
		};
/* End PBXGroup section */

/* Begin PBXHeadersBuildPhase section */
		DB12D8021B30D23100020970 /* Headers */ = {
			isa = PBXHeadersBuildPhase;
			buildActionMask = 2147483647;
			files = (
				DB12D80B1B30D23100020970 /* Deferred.h in Headers */,
			);
			runOnlyForDeploymentPostprocessing = 0;
		};
		DB12D8231B30D23A00020970 /* Headers */ = {
			isa = PBXHeadersBuildPhase;
			buildActionMask = 2147483647;
			files = (
				DB12D83F1B30D25A00020970 /* Deferred.h in Headers */,
			);
			runOnlyForDeploymentPostprocessing = 0;
		};
/* End PBXHeadersBuildPhase section */

/* Begin PBXNativeTarget section */
		DB12D8041B30D23100020970 /* Deferred */ = {
			isa = PBXNativeTarget;
			buildConfigurationList = DB12D81B1B30D23200020970 /* Build configuration list for PBXNativeTarget "Deferred" */;
			buildPhases = (
				DB12D8001B30D23100020970 /* Sources */,
				DB12D8011B30D23100020970 /* Frameworks */,
				DB12D8021B30D23100020970 /* Headers */,
				DB12D8031B30D23100020970 /* Resources */,
			);
			buildRules = (
			);
			dependencies = (
			);
			name = Deferred;
			productName = Deferred;
			productReference = DB12D8051B30D23100020970 /* Deferred.framework */;
			productType = "com.apple.product-type.framework";
		};
		DB12D80F1B30D23200020970 /* DeferredTests */ = {
			isa = PBXNativeTarget;
			buildConfigurationList = DB12D81E1B30D23200020970 /* Build configuration list for PBXNativeTarget "DeferredTests" */;
			buildPhases = (
				DB12D80C1B30D23200020970 /* Sources */,
				DB12D80D1B30D23200020970 /* Frameworks */,
				DB12D80E1B30D23200020970 /* Resources */,
			);
			buildRules = (
			);
			dependencies = (
				DB12D8131B30D23200020970 /* PBXTargetDependency */,
			);
			name = DeferredTests;
			productName = DeferredTests;
			productReference = DB12D8101B30D23200020970 /* DeferredTests.xctest */;
			productType = "com.apple.product-type.bundle.unit-test";
		};
		DB12D8251B30D23A00020970 /* DeferredMac */ = {
			isa = PBXNativeTarget;
			buildConfigurationList = DB12D8391B30D23A00020970 /* Build configuration list for PBXNativeTarget "DeferredMac" */;
			buildPhases = (
				DB12D8211B30D23A00020970 /* Sources */,
				DB12D8221B30D23A00020970 /* Frameworks */,
				DB12D8231B30D23A00020970 /* Headers */,
				DB12D8241B30D23A00020970 /* Resources */,
			);
			buildRules = (
			);
			dependencies = (
			);
			name = DeferredMac;
			productName = DeferredMac;
			productReference = DB12D8261B30D23A00020970 /* Deferred.framework */;
			productType = "com.apple.product-type.framework";
		};
		DB12D82F1B30D23A00020970 /* DeferredMacTests */ = {
			isa = PBXNativeTarget;
			buildConfigurationList = DB12D83C1B30D23A00020970 /* Build configuration list for PBXNativeTarget "DeferredMacTests" */;
			buildPhases = (
				DB12D82C1B30D23A00020970 /* Sources */,
				DB12D82D1B30D23A00020970 /* Frameworks */,
				DB12D82E1B30D23A00020970 /* Resources */,
			);
			buildRules = (
			);
			dependencies = (
				DB12D8331B30D23A00020970 /* PBXTargetDependency */,
			);
			name = DeferredMacTests;
			productName = DeferredMacTests;
			productReference = DB12D8301B30D23A00020970 /* DeferredTests.xctest */;
			productType = "com.apple.product-type.bundle.unit-test";
		};
/* End PBXNativeTarget section */

/* Begin PBXProject section */
		DB12D7FC1B30D23100020970 /* Project object */ = {
			isa = PBXProject;
			attributes = {
				LastSwiftUpdateCheck = 0700;
				LastUpgradeCheck = 0700;
				ORGANIZATIONNAME = "Big Nerd Ranch Inc";
				TargetAttributes = {
					DB12D8041B30D23100020970 = {
						CreatedOnToolsVersion = 6.3.2;
					};
					DB12D80F1B30D23200020970 = {
						CreatedOnToolsVersion = 6.3.2;
					};
					DB12D8251B30D23A00020970 = {
						CreatedOnToolsVersion = 6.3.2;
					};
					DB12D82F1B30D23A00020970 = {
						CreatedOnToolsVersion = 6.3.2;
					};
				};
			};
			buildConfigurationList = DB12D7FF1B30D23100020970 /* Build configuration list for PBXProject "Deferred" */;
			compatibilityVersion = "Xcode 3.2";
			developmentRegion = English;
			hasScannedForEncodings = 0;
			knownRegions = (
				en,
			);
			mainGroup = DB12D7FB1B30D23100020970;
			productRefGroup = DB12D8061B30D23100020970 /* Products */;
			projectDirPath = "";
			projectRoot = "";
			targets = (
				DB12D8041B30D23100020970 /* Deferred */,
				DB12D80F1B30D23200020970 /* DeferredTests */,
				DB12D8251B30D23A00020970 /* DeferredMac */,
				DB12D82F1B30D23A00020970 /* DeferredMacTests */,
			);
		};
/* End PBXProject section */

/* Begin PBXResourcesBuildPhase section */
		DB12D8031B30D23100020970 /* Resources */ = {
			isa = PBXResourcesBuildPhase;
			buildActionMask = 2147483647;
			files = (
			);
			runOnlyForDeploymentPostprocessing = 0;
		};
		DB12D80E1B30D23200020970 /* Resources */ = {
			isa = PBXResourcesBuildPhase;
			buildActionMask = 2147483647;
			files = (
			);
			runOnlyForDeploymentPostprocessing = 0;
		};
		DB12D8241B30D23A00020970 /* Resources */ = {
			isa = PBXResourcesBuildPhase;
			buildActionMask = 2147483647;
			files = (
			);
			runOnlyForDeploymentPostprocessing = 0;
		};
		DB12D82E1B30D23A00020970 /* Resources */ = {
			isa = PBXResourcesBuildPhase;
			buildActionMask = 2147483647;
			files = (
			);
			runOnlyForDeploymentPostprocessing = 0;
		};
/* End PBXResourcesBuildPhase section */

/* Begin PBXSourcesBuildPhase section */
		DB12D8001B30D23100020970 /* Sources */ = {
			isa = PBXSourcesBuildPhase;
			buildActionMask = 2147483647;
			files = (
				DB12D8481B30D29C00020970 /* ReadWriteLock.swift in Sources */,
				DB12D8441B30D29C00020970 /* Deferred.swift in Sources */,
				DB12D8461B30D29C00020970 /* LockProtected.swift in Sources */,
			);
			runOnlyForDeploymentPostprocessing = 0;
		};
		DB12D80C1B30D23200020970 /* Sources */ = {
			isa = PBXSourcesBuildPhase;
			buildActionMask = 2147483647;
			files = (
				DB12D84F1B30D2CC00020970 /* ReadWriteLockTests.swift in Sources */,
				DB12D8181B30D23200020970 /* DeferredTests.swift in Sources */,
				DB12D84D1B30D2CC00020970 /* LockProtectedTests.swift in Sources */,
			);
			runOnlyForDeploymentPostprocessing = 0;
		};
		DB12D8211B30D23A00020970 /* Sources */ = {
			isa = PBXSourcesBuildPhase;
			buildActionMask = 2147483647;
			files = (
				DB12D8491B30D29C00020970 /* ReadWriteLock.swift in Sources */,
				DB12D8451B30D29C00020970 /* Deferred.swift in Sources */,
				DB12D8471B30D29C00020970 /* LockProtected.swift in Sources */,
			);
			runOnlyForDeploymentPostprocessing = 0;
		};
		DB12D82C1B30D23A00020970 /* Sources */ = {
			isa = PBXSourcesBuildPhase;
			buildActionMask = 2147483647;
			files = (
				DB12D8501B30D2CC00020970 /* ReadWriteLockTests.swift in Sources */,
				DB12D8401B30D26100020970 /* DeferredTests.swift in Sources */,
				DB12D84E1B30D2CC00020970 /* LockProtectedTests.swift in Sources */,
			);
			runOnlyForDeploymentPostprocessing = 0;
		};
/* End PBXSourcesBuildPhase section */

/* Begin PBXTargetDependency section */
		DB12D8131B30D23200020970 /* PBXTargetDependency */ = {
			isa = PBXTargetDependency;
			target = DB12D8041B30D23100020970 /* Deferred */;
			targetProxy = DB12D8121B30D23200020970 /* PBXContainerItemProxy */;
		};
		DB12D8331B30D23A00020970 /* PBXTargetDependency */ = {
			isa = PBXTargetDependency;
			target = DB12D8251B30D23A00020970 /* DeferredMac */;
			targetProxy = DB12D8321B30D23A00020970 /* PBXContainerItemProxy */;
		};
/* End PBXTargetDependency section */

/* Begin XCBuildConfiguration section */
		DB12D8191B30D23200020970 /* Debug */ = {
			isa = XCBuildConfiguration;
			buildSettings = {
				ALWAYS_SEARCH_USER_PATHS = NO;
				CLANG_CXX_LANGUAGE_STANDARD = "gnu++0x";
				CLANG_CXX_LIBRARY = "libc++";
				CLANG_ENABLE_MODULES = YES;
				CLANG_ENABLE_OBJC_ARC = YES;
				CLANG_WARN_BOOL_CONVERSION = YES;
				CLANG_WARN_CONSTANT_CONVERSION = YES;
				CLANG_WARN_DIRECT_OBJC_ISA_USAGE = YES_ERROR;
				CLANG_WARN_EMPTY_BODY = YES;
				CLANG_WARN_ENUM_CONVERSION = YES;
				CLANG_WARN_INT_CONVERSION = YES;
				CLANG_WARN_OBJC_ROOT_CLASS = YES_ERROR;
				CLANG_WARN_UNREACHABLE_CODE = YES;
				CLANG_WARN__DUPLICATE_METHOD_MATCH = YES;
				"CODE_SIGN_IDENTITY[sdk=iphoneos*]" = "iPhone Developer";
				COPY_PHASE_STRIP = NO;
				CURRENT_PROJECT_VERSION = 1;
				DEBUG_INFORMATION_FORMAT = "dwarf-with-dsym";
				ENABLE_STRICT_OBJC_MSGSEND = YES;
				ENABLE_TESTABILITY = YES;
				GCC_C_LANGUAGE_STANDARD = gnu99;
				GCC_DYNAMIC_NO_PIC = NO;
				GCC_NO_COMMON_BLOCKS = YES;
				GCC_OPTIMIZATION_LEVEL = 0;
				GCC_PREPROCESSOR_DEFINITIONS = (
					"DEBUG=1",
					"$(inherited)",
				);
				GCC_SYMBOLS_PRIVATE_EXTERN = NO;
				GCC_WARN_64_TO_32_BIT_CONVERSION = YES;
				GCC_WARN_ABOUT_RETURN_TYPE = YES_ERROR;
				GCC_WARN_UNDECLARED_SELECTOR = YES;
				GCC_WARN_UNINITIALIZED_AUTOS = YES_AGGRESSIVE;
				GCC_WARN_UNUSED_FUNCTION = YES;
				GCC_WARN_UNUSED_VARIABLE = YES;
				IPHONEOS_DEPLOYMENT_TARGET = 7.0;
				MACOSX_DEPLOYMENT_TARGET = 10.9;
				MTL_ENABLE_DEBUG_INFO = YES;
				ONLY_ACTIVE_ARCH = YES;
				SDKROOT = iphoneos;
				SWIFT_OPTIMIZATION_LEVEL = "-Onone";
				TARGETED_DEVICE_FAMILY = "1,2";
				VERSIONING_SYSTEM = "apple-generic";
				VERSION_INFO_PREFIX = "";
			};
			name = Debug;
		};
		DB12D81A1B30D23200020970 /* Release */ = {
			isa = XCBuildConfiguration;
			buildSettings = {
				ALWAYS_SEARCH_USER_PATHS = NO;
				CLANG_CXX_LANGUAGE_STANDARD = "gnu++0x";
				CLANG_CXX_LIBRARY = "libc++";
				CLANG_ENABLE_MODULES = YES;
				CLANG_ENABLE_OBJC_ARC = YES;
				CLANG_WARN_BOOL_CONVERSION = YES;
				CLANG_WARN_CONSTANT_CONVERSION = YES;
				CLANG_WARN_DIRECT_OBJC_ISA_USAGE = YES_ERROR;
				CLANG_WARN_EMPTY_BODY = YES;
				CLANG_WARN_ENUM_CONVERSION = YES;
				CLANG_WARN_INT_CONVERSION = YES;
				CLANG_WARN_OBJC_ROOT_CLASS = YES_ERROR;
				CLANG_WARN_UNREACHABLE_CODE = YES;
				CLANG_WARN__DUPLICATE_METHOD_MATCH = YES;
				"CODE_SIGN_IDENTITY[sdk=iphoneos*]" = "iPhone Developer";
				COPY_PHASE_STRIP = NO;
				CURRENT_PROJECT_VERSION = 1;
				DEBUG_INFORMATION_FORMAT = "dwarf-with-dsym";
				ENABLE_NS_ASSERTIONS = NO;
				ENABLE_STRICT_OBJC_MSGSEND = YES;
				GCC_C_LANGUAGE_STANDARD = gnu99;
				GCC_NO_COMMON_BLOCKS = YES;
				GCC_WARN_64_TO_32_BIT_CONVERSION = YES;
				GCC_WARN_ABOUT_RETURN_TYPE = YES_ERROR;
				GCC_WARN_UNDECLARED_SELECTOR = YES;
				GCC_WARN_UNINITIALIZED_AUTOS = YES_AGGRESSIVE;
				GCC_WARN_UNUSED_FUNCTION = YES;
				GCC_WARN_UNUSED_VARIABLE = YES;
				IPHONEOS_DEPLOYMENT_TARGET = 7.0;
				MACOSX_DEPLOYMENT_TARGET = 10.9;
				MTL_ENABLE_DEBUG_INFO = NO;
				SDKROOT = iphoneos;
				TARGETED_DEVICE_FAMILY = "1,2";
				VALIDATE_PRODUCT = YES;
				VERSIONING_SYSTEM = "apple-generic";
				VERSION_INFO_PREFIX = "";
			};
			name = Release;
		};
		DB12D81C1B30D23200020970 /* Debug */ = {
			isa = XCBuildConfiguration;
			buildSettings = {
				APPLICATION_EXTENSION_API_ONLY = YES;
				CLANG_ENABLE_MODULES = YES;
				DEFINES_MODULE = YES;
				DYLIB_COMPATIBILITY_VERSION = 1;
				DYLIB_CURRENT_VERSION = 1;
				DYLIB_INSTALL_NAME_BASE = "@rpath";
				INFOPLIST_FILE = Deferred/Info.plist;
				INSTALL_PATH = "$(LOCAL_LIBRARY_DIR)/Frameworks";
				IPHONEOS_DEPLOYMENT_TARGET = 8.0;
				LD_RUNPATH_SEARCH_PATHS = "$(inherited) @executable_path/Frameworks @loader_path/Frameworks";
				PRODUCT_BUNDLE_IDENTIFIER = "com.bignerdranch.$(PRODUCT_NAME:rfc1034identifier)";
				PRODUCT_NAME = "$(TARGET_NAME)";
				SKIP_INSTALL = YES;
				SWIFT_OPTIMIZATION_LEVEL = "-Onone";
			};
			name = Debug;
		};
		DB12D81D1B30D23200020970 /* Release */ = {
			isa = XCBuildConfiguration;
			buildSettings = {
				APPLICATION_EXTENSION_API_ONLY = YES;
				CLANG_ENABLE_MODULES = YES;
				DEFINES_MODULE = YES;
				DYLIB_COMPATIBILITY_VERSION = 1;
				DYLIB_CURRENT_VERSION = 1;
				DYLIB_INSTALL_NAME_BASE = "@rpath";
				INFOPLIST_FILE = Deferred/Info.plist;
				INSTALL_PATH = "$(LOCAL_LIBRARY_DIR)/Frameworks";
				IPHONEOS_DEPLOYMENT_TARGET = 8.0;
				LD_RUNPATH_SEARCH_PATHS = "$(inherited) @executable_path/Frameworks @loader_path/Frameworks";
				PRODUCT_BUNDLE_IDENTIFIER = "com.bignerdranch.$(PRODUCT_NAME:rfc1034identifier)";
				PRODUCT_NAME = "$(TARGET_NAME)";
				SKIP_INSTALL = YES;
			};
			name = Release;
		};
		DB12D81F1B30D23200020970 /* Debug */ = {
			isa = XCBuildConfiguration;
			buildSettings = {
				GCC_PREPROCESSOR_DEFINITIONS = (
					"DEBUG=1",
					"$(inherited)",
				);
				INFOPLIST_FILE = DeferredTests/Info.plist;
				IPHONEOS_DEPLOYMENT_TARGET = 8.0;
				LD_RUNPATH_SEARCH_PATHS = "$(inherited) @executable_path/Frameworks @loader_path/Frameworks";
				PRODUCT_BUNDLE_IDENTIFIER = "com.bignerdranch.$(PRODUCT_NAME:rfc1034identifier)";
				PRODUCT_NAME = "$(TARGET_NAME)";
			};
			name = Debug;
		};
		DB12D8201B30D23200020970 /* Release */ = {
			isa = XCBuildConfiguration;
			buildSettings = {
				INFOPLIST_FILE = DeferredTests/Info.plist;
				IPHONEOS_DEPLOYMENT_TARGET = 8.0;
				LD_RUNPATH_SEARCH_PATHS = "$(inherited) @executable_path/Frameworks @loader_path/Frameworks";
				PRODUCT_BUNDLE_IDENTIFIER = "com.bignerdranch.$(PRODUCT_NAME:rfc1034identifier)";
				PRODUCT_NAME = "$(TARGET_NAME)";
			};
			name = Release;
		};
		DB12D83A1B30D23A00020970 /* Debug */ = {
			isa = XCBuildConfiguration;
			buildSettings = {
				APPLICATION_EXTENSION_API_ONLY = YES;
				CLANG_ENABLE_MODULES = YES;
				COMBINE_HIDPI_IMAGES = YES;
				DEBUG_INFORMATION_FORMAT = dwarf;
				DEFINES_MODULE = YES;
				DYLIB_COMPATIBILITY_VERSION = 1;
				DYLIB_CURRENT_VERSION = 1;
				DYLIB_INSTALL_NAME_BASE = "@rpath";
				FRAMEWORK_VERSION = A;
				GCC_PREPROCESSOR_DEFINITIONS = (
					"DEBUG=1",
					"$(inherited)",
				);
				INFOPLIST_FILE = Deferred/Info.plist;
				INSTALL_PATH = "$(LOCAL_LIBRARY_DIR)/Frameworks";
				LD_RUNPATH_SEARCH_PATHS = "$(inherited) @executable_path/../Frameworks @loader_path/Frameworks";
				PRODUCT_BUNDLE_IDENTIFIER = "com.bignerdranch.$(PRODUCT_NAME:rfc1034identifier)";
				PRODUCT_NAME = Deferred;
				SDKROOT = macosx;
				SKIP_INSTALL = YES;
				SWIFT_OPTIMIZATION_LEVEL = "-Onone";
			};
			name = Debug;
		};
		DB12D83B1B30D23A00020970 /* Release */ = {
			isa = XCBuildConfiguration;
			buildSettings = {
				APPLICATION_EXTENSION_API_ONLY = YES;
				CLANG_ENABLE_MODULES = YES;
				COMBINE_HIDPI_IMAGES = YES;
				DEFINES_MODULE = YES;
				DYLIB_COMPATIBILITY_VERSION = 1;
				DYLIB_CURRENT_VERSION = 1;
				DYLIB_INSTALL_NAME_BASE = "@rpath";
				FRAMEWORK_VERSION = A;
				INFOPLIST_FILE = Deferred/Info.plist;
				INSTALL_PATH = "$(LOCAL_LIBRARY_DIR)/Frameworks";
				LD_RUNPATH_SEARCH_PATHS = "$(inherited) @executable_path/../Frameworks @loader_path/Frameworks";
				PRODUCT_BUNDLE_IDENTIFIER = "com.bignerdranch.$(PRODUCT_NAME:rfc1034identifier)";
				PRODUCT_NAME = Deferred;
				SDKROOT = macosx;
				SKIP_INSTALL = YES;
			};
			name = Release;
		};
		DB12D83D1B30D23A00020970 /* Debug */ = {
			isa = XCBuildConfiguration;
			buildSettings = {
				COMBINE_HIDPI_IMAGES = YES;
				DEBUG_INFORMATION_FORMAT = dwarf;
				FRAMEWORK_SEARCH_PATHS = (
					"$(DEVELOPER_FRAMEWORKS_DIR)",
					"$(inherited)",
				);
				GCC_PREPROCESSOR_DEFINITIONS = (
					"DEBUG=1",
					"$(inherited)",
				);
				INFOPLIST_FILE = DeferredTests/Info.plist;
				LD_RUNPATH_SEARCH_PATHS = "$(inherited) @executable_path/../Frameworks @loader_path/../Frameworks";
				PRODUCT_BUNDLE_IDENTIFIER = "com.bignerdranch.$(PRODUCT_NAME:rfc1034identifier)";
				PRODUCT_NAME = DeferredTests;
				SDKROOT = macosx;
			};
			name = Debug;
		};
		DB12D83E1B30D23A00020970 /* Release */ = {
			isa = XCBuildConfiguration;
			buildSettings = {
				COMBINE_HIDPI_IMAGES = YES;
				FRAMEWORK_SEARCH_PATHS = (
					"$(DEVELOPER_FRAMEWORKS_DIR)",
					"$(inherited)",
				);
				INFOPLIST_FILE = DeferredTests/Info.plist;
				LD_RUNPATH_SEARCH_PATHS = "$(inherited) @executable_path/../Frameworks @loader_path/../Frameworks";
				PRODUCT_BUNDLE_IDENTIFIER = "com.bignerdranch.$(PRODUCT_NAME:rfc1034identifier)";
				PRODUCT_NAME = DeferredTests;
				SDKROOT = macosx;
			};
			name = Release;
		};
/* End XCBuildConfiguration section */

/* Begin XCConfigurationList section */
		DB12D7FF1B30D23100020970 /* Build configuration list for PBXProject "Deferred" */ = {
			isa = XCConfigurationList;
			buildConfigurations = (
				DB12D8191B30D23200020970 /* Debug */,
				DB12D81A1B30D23200020970 /* Release */,
			);
			defaultConfigurationIsVisible = 0;
			defaultConfigurationName = Release;
		};
		DB12D81B1B30D23200020970 /* Build configuration list for PBXNativeTarget "Deferred" */ = {
			isa = XCConfigurationList;
			buildConfigurations = (
				DB12D81C1B30D23200020970 /* Debug */,
				DB12D81D1B30D23200020970 /* Release */,
			);
			defaultConfigurationIsVisible = 0;
			defaultConfigurationName = Release;
		};
		DB12D81E1B30D23200020970 /* Build configuration list for PBXNativeTarget "DeferredTests" */ = {
			isa = XCConfigurationList;
			buildConfigurations = (
				DB12D81F1B30D23200020970 /* Debug */,
				DB12D8201B30D23200020970 /* Release */,
			);
			defaultConfigurationIsVisible = 0;
			defaultConfigurationName = Release;
		};
		DB12D8391B30D23A00020970 /* Build configuration list for PBXNativeTarget "DeferredMac" */ = {
			isa = XCConfigurationList;
			buildConfigurations = (
				DB12D83A1B30D23A00020970 /* Debug */,
				DB12D83B1B30D23A00020970 /* Release */,
			);
			defaultConfigurationIsVisible = 0;
			defaultConfigurationName = Release;
		};
		DB12D83C1B30D23A00020970 /* Build configuration list for PBXNativeTarget "DeferredMacTests" */ = {
			isa = XCConfigurationList;
			buildConfigurations = (
				DB12D83D1B30D23A00020970 /* Debug */,
				DB12D83E1B30D23A00020970 /* Release */,
			);
			defaultConfigurationIsVisible = 0;
			defaultConfigurationName = Release;
		};
/* End XCConfigurationList section */
	};
	rootObject = DB12D7FC1B30D23100020970 /* Project object */;
}
