// !$*UTF8*$!
{
	archiveVersion = 1;
	classes = {
	};
	objectVersion = 46;
	objects = {

/* Begin PBXBuildFile section */
		DB524C7B1D851E3800DDF16D /* Deferred.framework in Frameworks */ = {isa = PBXBuildFile; fileRef = DB524C711D851E3800DDF16D /* Deferred.framework */; };
		DB524CC21D85202C00DDF16D /* Deferred.h in Headers */ = {isa = PBXBuildFile; fileRef = DB524CA11D85200C00DDF16D /* Deferred.h */; settings = {ATTRIBUTES = (Public, ); }; };
		DB524CD11D85204B00DDF16D /* Deferred.swift in Sources */ = {isa = PBXBuildFile; fileRef = DB524C931D85200C00DDF16D /* Deferred.swift */; };
		DB524CD21D85204B00DDF16D /* ExecutorType.swift in Sources */ = {isa = PBXBuildFile; fileRef = DB524C941D85200C00DDF16D /* ExecutorType.swift */; };
		DB524CD31D85204B00DDF16D /* ExistentialFuture.swift in Sources */ = {isa = PBXBuildFile; fileRef = DB524C951D85200C00DDF16D /* ExistentialFuture.swift */; };
		DB524CD41D85204B00DDF16D /* FutureCollections.swift in Sources */ = {isa = PBXBuildFile; fileRef = DB524C961D85200C00DDF16D /* FutureCollections.swift */; };
		DB524CD51D85204B00DDF16D /* FutureComposition.swift in Sources */ = {isa = PBXBuildFile; fileRef = DB524C971D85200C00DDF16D /* FutureComposition.swift */; };
		DB524CD61D85204B00DDF16D /* FutureFlatMap.swift in Sources */ = {isa = PBXBuildFile; fileRef = DB524C981D85200C00DDF16D /* FutureFlatMap.swift */; };
		DB524CD71D85204B00DDF16D /* FutureMap.swift in Sources */ = {isa = PBXBuildFile; fileRef = DB524C991D85200C00DDF16D /* FutureMap.swift */; };
		DB524CD81D85204B00DDF16D /* FutureType.swift in Sources */ = {isa = PBXBuildFile; fileRef = DB524C9A1D85200C00DDF16D /* FutureType.swift */; };
		DB524CD91D85204B00DDF16D /* IgnoringFuture.swift in Sources */ = {isa = PBXBuildFile; fileRef = DB524C9B1D85200C00DDF16D /* IgnoringFuture.swift */; };
		DB524CDA1D85204B00DDF16D /* LockProtected.swift in Sources */ = {isa = PBXBuildFile; fileRef = DB524C9C1D85200C00DDF16D /* LockProtected.swift */; };
		DB524CDC1D85204B00DDF16D /* PromiseType.swift in Sources */ = {isa = PBXBuildFile; fileRef = DB524C9E1D85200C00DDF16D /* PromiseType.swift */; };
		DB524CDD1D85204B00DDF16D /* ReadWriteLock.swift in Sources */ = {isa = PBXBuildFile; fileRef = DB524C9F1D85200C00DDF16D /* ReadWriteLock.swift */; };
		DB524CDE1D85204B00DDF16D /* Timeout.swift in Sources */ = {isa = PBXBuildFile; fileRef = DB524CA01D85200C00DDF16D /* Timeout.swift */; };
		DB524CDF1D85205200DDF16D /* ResultRecovery.swift in Sources */ = {isa = PBXBuildFile; fileRef = DB524CA41D85200C00DDF16D /* ResultRecovery.swift */; };
		DB524CE01D85205200DDF16D /* ResultType.swift in Sources */ = {isa = PBXBuildFile; fileRef = DB524CA51D85200C00DDF16D /* ResultType.swift */; };
		DB524CE11D85205200DDF16D /* TaskResult.swift in Sources */ = {isa = PBXBuildFile; fileRef = DB524CA61D85200C00DDF16D /* TaskResult.swift */; };
		DB524CE21D85205400DDF16D /* BlockCancellableTask.swift in Sources */ = {isa = PBXBuildFile; fileRef = DB524CA81D85200C00DDF16D /* BlockCancellableTask.swift */; };
		DB524CE31D85205400DDF16D /* ExistentialTask.swift in Sources */ = {isa = PBXBuildFile; fileRef = DB524CA91D85200C00DDF16D /* ExistentialTask.swift */; };
		DB524CE41D85205400DDF16D /* IgnoringTask.swift in Sources */ = {isa = PBXBuildFile; fileRef = DB524CAA1D85200C00DDF16D /* IgnoringTask.swift */; };
		DB524CE51D85205400DDF16D /* ResultFuture.swift in Sources */ = {isa = PBXBuildFile; fileRef = DB524CAB1D85200C00DDF16D /* ResultFuture.swift */; };
		DB524CE61D85205400DDF16D /* ResultPromise.swift in Sources */ = {isa = PBXBuildFile; fileRef = DB524CAC1D85200C00DDF16D /* ResultPromise.swift */; };
		DB524CE71D85205400DDF16D /* TaskAccumulator.swift in Sources */ = {isa = PBXBuildFile; fileRef = DB524CAD1D85200C00DDF16D /* TaskAccumulator.swift */; };
		DB524CE81D85205400DDF16D /* TaskCollections.swift in Sources */ = {isa = PBXBuildFile; fileRef = DB524CAE1D85200C00DDF16D /* TaskCollections.swift */; };
		DB524CE91D85205400DDF16D /* TaskFlatMap.swift in Sources */ = {isa = PBXBuildFile; fileRef = DB524CAF1D85200C00DDF16D /* TaskFlatMap.swift */; };
		DB524CEA1D85205400DDF16D /* TaskMap.swift in Sources */ = {isa = PBXBuildFile; fileRef = DB524CB01D85200C00DDF16D /* TaskMap.swift */; };
		DB524CEB1D85205400DDF16D /* TaskProgress.swift in Sources */ = {isa = PBXBuildFile; fileRef = DB524CB11D85200C00DDF16D /* TaskProgress.swift */; };
		DB524CEC1D85205400DDF16D /* TaskRecover.swift in Sources */ = {isa = PBXBuildFile; fileRef = DB524CB21D85200C00DDF16D /* TaskRecover.swift */; };
		DB524CED1D85206100DDF16D /* BlockCancellableTaskTests.swift in Sources */ = {isa = PBXBuildFile; fileRef = DB524CB41D85200C00DDF16D /* BlockCancellableTaskTests.swift */; };
		DB524CEE1D85206100DDF16D /* DeferredTests.swift in Sources */ = {isa = PBXBuildFile; fileRef = DB524CB51D85200C00DDF16D /* DeferredTests.swift */; };
		DB524CEF1D85206100DDF16D /* ExistentialFutureTests.swift in Sources */ = {isa = PBXBuildFile; fileRef = DB524CB61D85200C00DDF16D /* ExistentialFutureTests.swift */; };
		DB524CF01D85206100DDF16D /* Fixtures.swift in Sources */ = {isa = PBXBuildFile; fileRef = DB524CB71D85200C00DDF16D /* Fixtures.swift */; };
		DB524CF11D85206100DDF16D /* FutureCustomExecutorTests.swift in Sources */ = {isa = PBXBuildFile; fileRef = DB524CB81D85200C00DDF16D /* FutureCustomExecutorTests.swift */; };
		DB524CF21D85206100DDF16D /* IgnoringFutureTests.swift in Sources */ = {isa = PBXBuildFile; fileRef = DB524CB91D85200C00DDF16D /* IgnoringFutureTests.swift */; };
		DB524CF31D85206100DDF16D /* LockProtectedTests.swift in Sources */ = {isa = PBXBuildFile; fileRef = DB524CBB1D85200C00DDF16D /* LockProtectedTests.swift */; };
		DB524CF41D85206100DDF16D /* ReadWriteLockTests.swift in Sources */ = {isa = PBXBuildFile; fileRef = DB524CBC1D85200C00DDF16D /* ReadWriteLockTests.swift */; };
		DB524CF51D85206100DDF16D /* ResultRecoveryTests.swift in Sources */ = {isa = PBXBuildFile; fileRef = DB524CBD1D85200C00DDF16D /* ResultRecoveryTests.swift */; };
		DB524CF61D85206100DDF16D /* TaskAccumulatorTests.swift in Sources */ = {isa = PBXBuildFile; fileRef = DB524CBE1D85200C00DDF16D /* TaskAccumulatorTests.swift */; };
		DB524CF71D85206100DDF16D /* TaskResultTests.swift in Sources */ = {isa = PBXBuildFile; fileRef = DB524CBF1D85200C00DDF16D /* TaskResultTests.swift */; };
		DB524CF81D85206100DDF16D /* TaskTests.swift in Sources */ = {isa = PBXBuildFile; fileRef = DB524CC01D85200C00DDF16D /* TaskTests.swift */; };
		DB524CF91D85206100DDF16D /* VoidResultTests.swift in Sources */ = {isa = PBXBuildFile; fileRef = DB524CC11D85200C00DDF16D /* VoidResultTests.swift */; };
/* End PBXBuildFile section */

/* Begin PBXContainerItemProxy section */
		DB524C7C1D851E3800DDF16D /* PBXContainerItemProxy */ = {
			isa = PBXContainerItemProxy;
			containerPortal = DB524C681D851E3800DDF16D /* Project object */;
			proxyType = 1;
			remoteGlobalIDString = DB524C701D851E3800DDF16D;
			remoteInfo = Deferred;
		};
/* End PBXContainerItemProxy section */

/* Begin PBXFileReference section */
		DB524C711D851E3800DDF16D /* Deferred.framework */ = {isa = PBXFileReference; explicitFileType = wrapper.framework; includeInIndex = 0; path = Deferred.framework; sourceTree = BUILT_PRODUCTS_DIR; };
		DB524C7A1D851E3800DDF16D /* DeferredTests.xctest */ = {isa = PBXFileReference; explicitFileType = wrapper.cfbundle; includeInIndex = 0; path = DeferredTests.xctest; sourceTree = BUILT_PRODUCTS_DIR; };
		DB524C8C1D851E5B00DDF16D /* Base.xcconfig */ = {isa = PBXFileReference; lastKnownFileType = text.xcconfig; path = Base.xcconfig; sourceTree = "<group>"; };
		DB524C8D1D851E5B00DDF16D /* Framework.xcconfig */ = {isa = PBXFileReference; lastKnownFileType = text.xcconfig; path = Framework.xcconfig; sourceTree = "<group>"; };
		DB524C8E1D851E5B00DDF16D /* Tests.xcconfig */ = {isa = PBXFileReference; lastKnownFileType = text.xcconfig; path = Tests.xcconfig; sourceTree = "<group>"; };
		DB524C8F1D851FD900DDF16D /* Debug.xcconfig */ = {isa = PBXFileReference; lastKnownFileType = text.xcconfig; path = Debug.xcconfig; sourceTree = "<group>"; };
		DB524C901D851FD900DDF16D /* Release.xcconfig */ = {isa = PBXFileReference; lastKnownFileType = text.xcconfig; path = Release.xcconfig; sourceTree = "<group>"; };
		DB524C931D85200C00DDF16D /* Deferred.swift */ = {isa = PBXFileReference; lastKnownFileType = sourcecode.swift; path = Deferred.swift; sourceTree = "<group>"; };
		DB524C941D85200C00DDF16D /* ExecutorType.swift */ = {isa = PBXFileReference; lastKnownFileType = sourcecode.swift; path = ExecutorType.swift; sourceTree = "<group>"; };
		DB524C951D85200C00DDF16D /* ExistentialFuture.swift */ = {isa = PBXFileReference; lastKnownFileType = sourcecode.swift; path = ExistentialFuture.swift; sourceTree = "<group>"; };
		DB524C961D85200C00DDF16D /* FutureCollections.swift */ = {isa = PBXFileReference; lastKnownFileType = sourcecode.swift; path = FutureCollections.swift; sourceTree = "<group>"; };
		DB524C971D85200C00DDF16D /* FutureComposition.swift */ = {isa = PBXFileReference; lastKnownFileType = sourcecode.swift; path = FutureComposition.swift; sourceTree = "<group>"; };
		DB524C981D85200C00DDF16D /* FutureFlatMap.swift */ = {isa = PBXFileReference; lastKnownFileType = sourcecode.swift; path = FutureFlatMap.swift; sourceTree = "<group>"; };
		DB524C991D85200C00DDF16D /* FutureMap.swift */ = {isa = PBXFileReference; lastKnownFileType = sourcecode.swift; path = FutureMap.swift; sourceTree = "<group>"; };
		DB524C9A1D85200C00DDF16D /* FutureType.swift */ = {isa = PBXFileReference; lastKnownFileType = sourcecode.swift; path = FutureType.swift; sourceTree = "<group>"; };
		DB524C9B1D85200C00DDF16D /* IgnoringFuture.swift */ = {isa = PBXFileReference; lastKnownFileType = sourcecode.swift; path = IgnoringFuture.swift; sourceTree = "<group>"; };
		DB524C9C1D85200C00DDF16D /* LockProtected.swift */ = {isa = PBXFileReference; lastKnownFileType = sourcecode.swift; path = LockProtected.swift; sourceTree = "<group>"; };
		DB524C9E1D85200C00DDF16D /* PromiseType.swift */ = {isa = PBXFileReference; lastKnownFileType = sourcecode.swift; path = PromiseType.swift; sourceTree = "<group>"; };
		DB524C9F1D85200C00DDF16D /* ReadWriteLock.swift */ = {isa = PBXFileReference; lastKnownFileType = sourcecode.swift; path = ReadWriteLock.swift; sourceTree = "<group>"; };
		DB524CA01D85200C00DDF16D /* Timeout.swift */ = {isa = PBXFileReference; lastKnownFileType = sourcecode.swift; path = Timeout.swift; sourceTree = "<group>"; };
		DB524CA11D85200C00DDF16D /* Deferred.h */ = {isa = PBXFileReference; lastKnownFileType = sourcecode.c.h; path = Deferred.h; sourceTree = "<group>"; };
		DB524CA21D85200C00DDF16D /* Info.plist */ = {isa = PBXFileReference; lastKnownFileType = text.plist.xml; path = Info.plist; sourceTree = "<group>"; };
		DB524CA41D85200C00DDF16D /* ResultRecovery.swift */ = {isa = PBXFileReference; lastKnownFileType = sourcecode.swift; path = ResultRecovery.swift; sourceTree = "<group>"; };
		DB524CA51D85200C00DDF16D /* ResultType.swift */ = {isa = PBXFileReference; lastKnownFileType = sourcecode.swift; path = ResultType.swift; sourceTree = "<group>"; };
		DB524CA61D85200C00DDF16D /* TaskResult.swift */ = {isa = PBXFileReference; lastKnownFileType = sourcecode.swift; path = TaskResult.swift; sourceTree = "<group>"; };
		DB524CA81D85200C00DDF16D /* BlockCancellableTask.swift */ = {isa = PBXFileReference; lastKnownFileType = sourcecode.swift; path = BlockCancellableTask.swift; sourceTree = "<group>"; };
		DB524CA91D85200C00DDF16D /* ExistentialTask.swift */ = {isa = PBXFileReference; lastKnownFileType = sourcecode.swift; path = ExistentialTask.swift; sourceTree = "<group>"; };
		DB524CAA1D85200C00DDF16D /* IgnoringTask.swift */ = {isa = PBXFileReference; lastKnownFileType = sourcecode.swift; path = IgnoringTask.swift; sourceTree = "<group>"; };
		DB524CAB1D85200C00DDF16D /* ResultFuture.swift */ = {isa = PBXFileReference; lastKnownFileType = sourcecode.swift; path = ResultFuture.swift; sourceTree = "<group>"; };
		DB524CAC1D85200C00DDF16D /* ResultPromise.swift */ = {isa = PBXFileReference; lastKnownFileType = sourcecode.swift; path = ResultPromise.swift; sourceTree = "<group>"; };
		DB524CAD1D85200C00DDF16D /* TaskAccumulator.swift */ = {isa = PBXFileReference; lastKnownFileType = sourcecode.swift; path = TaskAccumulator.swift; sourceTree = "<group>"; };
		DB524CAE1D85200C00DDF16D /* TaskCollections.swift */ = {isa = PBXFileReference; lastKnownFileType = sourcecode.swift; path = TaskCollections.swift; sourceTree = "<group>"; };
		DB524CAF1D85200C00DDF16D /* TaskFlatMap.swift */ = {isa = PBXFileReference; lastKnownFileType = sourcecode.swift; path = TaskFlatMap.swift; sourceTree = "<group>"; };
		DB524CB01D85200C00DDF16D /* TaskMap.swift */ = {isa = PBXFileReference; lastKnownFileType = sourcecode.swift; path = TaskMap.swift; sourceTree = "<group>"; };
		DB524CB11D85200C00DDF16D /* TaskProgress.swift */ = {isa = PBXFileReference; lastKnownFileType = sourcecode.swift; path = TaskProgress.swift; sourceTree = "<group>"; };
		DB524CB21D85200C00DDF16D /* TaskRecover.swift */ = {isa = PBXFileReference; lastKnownFileType = sourcecode.swift; path = TaskRecover.swift; sourceTree = "<group>"; };
		DB524CB41D85200C00DDF16D /* BlockCancellableTaskTests.swift */ = {isa = PBXFileReference; lastKnownFileType = sourcecode.swift; path = BlockCancellableTaskTests.swift; sourceTree = "<group>"; };
		DB524CB51D85200C00DDF16D /* DeferredTests.swift */ = {isa = PBXFileReference; lastKnownFileType = sourcecode.swift; path = DeferredTests.swift; sourceTree = "<group>"; };
		DB524CB61D85200C00DDF16D /* ExistentialFutureTests.swift */ = {isa = PBXFileReference; lastKnownFileType = sourcecode.swift; path = ExistentialFutureTests.swift; sourceTree = "<group>"; };
		DB524CB71D85200C00DDF16D /* Fixtures.swift */ = {isa = PBXFileReference; lastKnownFileType = sourcecode.swift; path = Fixtures.swift; sourceTree = "<group>"; };
		DB524CB81D85200C00DDF16D /* FutureCustomExecutorTests.swift */ = {isa = PBXFileReference; lastKnownFileType = sourcecode.swift; path = FutureCustomExecutorTests.swift; sourceTree = "<group>"; };
		DB524CB91D85200C00DDF16D /* IgnoringFutureTests.swift */ = {isa = PBXFileReference; lastKnownFileType = sourcecode.swift; path = IgnoringFutureTests.swift; sourceTree = "<group>"; };
		DB524CBA1D85200C00DDF16D /* Info.plist */ = {isa = PBXFileReference; lastKnownFileType = text.plist.xml; path = Info.plist; sourceTree = "<group>"; };
		DB524CBB1D85200C00DDF16D /* LockProtectedTests.swift */ = {isa = PBXFileReference; lastKnownFileType = sourcecode.swift; path = LockProtectedTests.swift; sourceTree = "<group>"; };
		DB524CBC1D85200C00DDF16D /* ReadWriteLockTests.swift */ = {isa = PBXFileReference; lastKnownFileType = sourcecode.swift; path = ReadWriteLockTests.swift; sourceTree = "<group>"; };
		DB524CBD1D85200C00DDF16D /* ResultRecoveryTests.swift */ = {isa = PBXFileReference; lastKnownFileType = sourcecode.swift; path = ResultRecoveryTests.swift; sourceTree = "<group>"; };
		DB524CBE1D85200C00DDF16D /* TaskAccumulatorTests.swift */ = {isa = PBXFileReference; lastKnownFileType = sourcecode.swift; path = TaskAccumulatorTests.swift; sourceTree = "<group>"; };
		DB524CBF1D85200C00DDF16D /* TaskResultTests.swift */ = {isa = PBXFileReference; lastKnownFileType = sourcecode.swift; path = TaskResultTests.swift; sourceTree = "<group>"; };
		DB524CC01D85200C00DDF16D /* TaskTests.swift */ = {isa = PBXFileReference; lastKnownFileType = sourcecode.swift; path = TaskTests.swift; sourceTree = "<group>"; };
		DB524CC11D85200C00DDF16D /* VoidResultTests.swift */ = {isa = PBXFileReference; lastKnownFileType = sourcecode.swift; path = VoidResultTests.swift; sourceTree = "<group>"; };
		DB524CFD1D85489500DDF16D /* Atomics.h */ = {isa = PBXFileReference; lastKnownFileType = sourcecode.c.h; name = Atomics.h; path = include/Atomics.h; sourceTree = "<group>"; };
/* End PBXFileReference section */

/* Begin PBXFrameworksBuildPhase section */
		DB524C6D1D851E3800DDF16D /* Frameworks */ = {
			isa = PBXFrameworksBuildPhase;
			buildActionMask = 2147483647;
			files = (
			);
			runOnlyForDeploymentPostprocessing = 0;
		};
		DB524C771D851E3800DDF16D /* Frameworks */ = {
			isa = PBXFrameworksBuildPhase;
			buildActionMask = 2147483647;
			files = (
				DB524C7B1D851E3800DDF16D /* Deferred.framework in Frameworks */,
			);
			runOnlyForDeploymentPostprocessing = 0;
		};
/* End PBXFrameworksBuildPhase section */

/* Begin PBXGroup section */
		DB524C671D851E3800DDF16D = {
			isa = PBXGroup;
			children = (
				DB524C8B1D851E5B00DDF16D /* Configurations */,
				DB524C911D85200C00DDF16D /* Sources */,
				DB524CB31D85200C00DDF16D /* Tests */,
				DB524C721D851E3800DDF16D /* Products */,
			);
			sourceTree = "<group>";
		};
		DB524C721D851E3800DDF16D /* Products */ = {
			isa = PBXGroup;
			children = (
				DB524C711D851E3800DDF16D /* Deferred.framework */,
				DB524C7A1D851E3800DDF16D /* DeferredTests.xctest */,
			);
			name = Products;
			sourceTree = "<group>";
		};
		DB524C8B1D851E5B00DDF16D /* Configurations */ = {
			isa = PBXGroup;
			children = (
				DB524C8C1D851E5B00DDF16D /* Base.xcconfig */,
				DB524C8F1D851FD900DDF16D /* Debug.xcconfig */,
				DB524C8D1D851E5B00DDF16D /* Framework.xcconfig */,
				DB524C901D851FD900DDF16D /* Release.xcconfig */,
				DB524C8E1D851E5B00DDF16D /* Tests.xcconfig */,
			);
			path = Configurations;
			sourceTree = "<group>";
		};
		DB524C911D85200C00DDF16D /* Sources */ = {
			isa = PBXGroup;
			children = (
				DB524CFA1D85489500DDF16D /* Atomics */,
				DB524C921D85200C00DDF16D /* Deferred */,
				DB524CA11D85200C00DDF16D /* Deferred.h */,
				DB524CA21D85200C00DDF16D /* Info.plist */,
				DB524CA31D85200C00DDF16D /* Result */,
				DB524CA71D85200C00DDF16D /* Task */,
			);
			path = Sources;
			sourceTree = "<group>";
		};
		DB524C921D85200C00DDF16D /* Deferred */ = {
			isa = PBXGroup;
			children = (
				DB524C931D85200C00DDF16D /* Deferred.swift */,
				DB524C941D85200C00DDF16D /* ExecutorType.swift */,
				DB524C951D85200C00DDF16D /* ExistentialFuture.swift */,
				DB524C961D85200C00DDF16D /* FutureCollections.swift */,
				DB524C971D85200C00DDF16D /* FutureComposition.swift */,
				DB524C981D85200C00DDF16D /* FutureFlatMap.swift */,
				DB524C991D85200C00DDF16D /* FutureMap.swift */,
				DB524C9A1D85200C00DDF16D /* FutureType.swift */,
				DB524C9B1D85200C00DDF16D /* IgnoringFuture.swift */,
				DB524C9C1D85200C00DDF16D /* LockProtected.swift */,
				DB524C9E1D85200C00DDF16D /* PromiseType.swift */,
				DB524C9F1D85200C00DDF16D /* ReadWriteLock.swift */,
				DB524CA01D85200C00DDF16D /* Timeout.swift */,
			);
			path = Deferred;
			sourceTree = "<group>";
		};
		DB524CA31D85200C00DDF16D /* Result */ = {
			isa = PBXGroup;
			children = (
				DB524CA41D85200C00DDF16D /* ResultRecovery.swift */,
				DB524CA51D85200C00DDF16D /* ResultType.swift */,
				DB524CA61D85200C00DDF16D /* TaskResult.swift */,
			);
			path = Result;
			sourceTree = "<group>";
		};
		DB524CA71D85200C00DDF16D /* Task */ = {
			isa = PBXGroup;
			children = (
				DB524CA81D85200C00DDF16D /* BlockCancellableTask.swift */,
				DB524CA91D85200C00DDF16D /* ExistentialTask.swift */,
				DB524CAA1D85200C00DDF16D /* IgnoringTask.swift */,
				DB524CAB1D85200C00DDF16D /* ResultFuture.swift */,
				DB524CAC1D85200C00DDF16D /* ResultPromise.swift */,
				DB524CAD1D85200C00DDF16D /* TaskAccumulator.swift */,
				DB524CAE1D85200C00DDF16D /* TaskCollections.swift */,
				DB524CAF1D85200C00DDF16D /* TaskFlatMap.swift */,
				DB524CB01D85200C00DDF16D /* TaskMap.swift */,
				DB524CB11D85200C00DDF16D /* TaskProgress.swift */,
				DB524CB21D85200C00DDF16D /* TaskRecover.swift */,
			);
			path = Task;
			sourceTree = "<group>";
		};
		DB524CB31D85200C00DDF16D /* Tests */ = {
			isa = PBXGroup;
			children = (
				DB524CB41D85200C00DDF16D /* BlockCancellableTaskTests.swift */,
				DB524CB51D85200C00DDF16D /* DeferredTests.swift */,
				DB524CB61D85200C00DDF16D /* ExistentialFutureTests.swift */,
				DB524CB71D85200C00DDF16D /* Fixtures.swift */,
				DB524CB81D85200C00DDF16D /* FutureCustomExecutorTests.swift */,
				DB524CB91D85200C00DDF16D /* IgnoringFutureTests.swift */,
				DB524CBB1D85200C00DDF16D /* LockProtectedTests.swift */,
				DB524CBC1D85200C00DDF16D /* ReadWriteLockTests.swift */,
				DB524CBD1D85200C00DDF16D /* ResultRecoveryTests.swift */,
				DB524CBE1D85200C00DDF16D /* TaskAccumulatorTests.swift */,
				DB524CBF1D85200C00DDF16D /* TaskResultTests.swift */,
				DB524CC01D85200C00DDF16D /* TaskTests.swift */,
				DB524CC11D85200C00DDF16D /* VoidResultTests.swift */,
				DB524CBA1D85200C00DDF16D /* Info.plist */,
			);
			path = Tests;
			sourceTree = "<group>";
		};
		DB524CFA1D85489500DDF16D /* Atomics */ = {
			isa = PBXGroup;
			children = (
				DB524CFD1D85489500DDF16D /* Atomics.h */,
			);
			path = Atomics;
			sourceTree = "<group>";
		};
/* End PBXGroup section */

/* Begin PBXHeadersBuildPhase section */
		DB524C6E1D851E3800DDF16D /* Headers */ = {
			isa = PBXHeadersBuildPhase;
			buildActionMask = 2147483647;
			files = (
				DB524CC21D85202C00DDF16D /* Deferred.h in Headers */,
			);
			runOnlyForDeploymentPostprocessing = 0;
		};
/* End PBXHeadersBuildPhase section */

/* Begin PBXNativeTarget section */
		DB524C701D851E3800DDF16D /* Deferred */ = {
			isa = PBXNativeTarget;
			buildConfigurationList = DB524C851D851E3800DDF16D /* Build configuration list for PBXNativeTarget "Deferred" */;
			buildPhases = (
				DB524C6C1D851E3800DDF16D /* Sources */,
				DB524C6D1D851E3800DDF16D /* Frameworks */,
				DB524C6E1D851E3800DDF16D /* Headers */,
				DB524C6F1D851E3800DDF16D /* Resources */,
			);
			buildRules = (
			);
			dependencies = (
			);
			name = Deferred;
			productName = Deferred;
			productReference = DB524C711D851E3800DDF16D /* Deferred.framework */;
			productType = "com.apple.product-type.framework";
		};
		DB524C791D851E3800DDF16D /* DeferredTests */ = {
			isa = PBXNativeTarget;
			buildConfigurationList = DB524C881D851E3800DDF16D /* Build configuration list for PBXNativeTarget "DeferredTests" */;
			buildPhases = (
				DB524C761D851E3800DDF16D /* Sources */,
				DB524C771D851E3800DDF16D /* Frameworks */,
				DB524C781D851E3800DDF16D /* Resources */,
			);
			buildRules = (
			);
			dependencies = (
				DB524C7D1D851E3800DDF16D /* PBXTargetDependency */,
			);
			name = DeferredTests;
			productName = DeferredTests;
			productReference = DB524C7A1D851E3800DDF16D /* DeferredTests.xctest */;
			productType = "com.apple.product-type.bundle.unit-test";
		};
/* End PBXNativeTarget section */

/* Begin PBXProject section */
		DB524C681D851E3800DDF16D /* Project object */ = {
			isa = PBXProject;
			attributes = {
				LastSwiftUpdateCheck = 0800;
				LastUpgradeCheck = 0800;
				ORGANIZATIONNAME = "Big Nerd Ranch";
				TargetAttributes = {
					DB524C701D851E3800DDF16D = {
						CreatedOnToolsVersion = 8.0;
						DevelopmentTeam = 439592V3LM;
						ProvisioningStyle = Automatic;
					};
					DB524C791D851E3800DDF16D = {
						CreatedOnToolsVersion = 8.0;
						DevelopmentTeam = 439592V3LM;
						ProvisioningStyle = Automatic;
					};
				};
			};
			buildConfigurationList = DB524C6B1D851E3800DDF16D /* Build configuration list for PBXProject "Deferred" */;
			compatibilityVersion = "Xcode 3.2";
			developmentRegion = English;
			hasScannedForEncodings = 0;
			knownRegions = (
				en,
			);
			mainGroup = DB524C671D851E3800DDF16D;
			productRefGroup = DB524C721D851E3800DDF16D /* Products */;
			projectDirPath = "";
			projectRoot = "";
			targets = (
				DB524C701D851E3800DDF16D /* Deferred */,
				DB524C791D851E3800DDF16D /* DeferredTests */,
			);
		};
/* End PBXProject section */

/* Begin PBXResourcesBuildPhase section */
		DB524C6F1D851E3800DDF16D /* Resources */ = {
			isa = PBXResourcesBuildPhase;
			buildActionMask = 2147483647;
			files = (
			);
			runOnlyForDeploymentPostprocessing = 0;
		};
		DB524C781D851E3800DDF16D /* Resources */ = {
			isa = PBXResourcesBuildPhase;
			buildActionMask = 2147483647;
			files = (
			);
			runOnlyForDeploymentPostprocessing = 0;
		};
/* End PBXResourcesBuildPhase section */

/* Begin PBXSourcesBuildPhase section */
		DB524C6C1D851E3800DDF16D /* Sources */ = {
			isa = PBXSourcesBuildPhase;
			buildActionMask = 2147483647;
			files = (
				DB524CD81D85204B00DDF16D /* FutureType.swift in Sources */,
				DB524CDE1D85204B00DDF16D /* Timeout.swift in Sources */,
				DB524CDC1D85204B00DDF16D /* PromiseType.swift in Sources */,
				DB524CD41D85204B00DDF16D /* FutureCollections.swift in Sources */,
				DB524CD21D85204B00DDF16D /* ExecutorType.swift in Sources */,
				DB524CE41D85205400DDF16D /* IgnoringTask.swift in Sources */,
				DB524CDD1D85204B00DDF16D /* ReadWriteLock.swift in Sources */,
				DB524CEB1D85205400DDF16D /* TaskProgress.swift in Sources */,
				DB524CEA1D85205400DDF16D /* TaskMap.swift in Sources */,
				DB524CD71D85204B00DDF16D /* FutureMap.swift in Sources */,
				DB524CE31D85205400DDF16D /* ExistentialTask.swift in Sources */,
				DB524CE11D85205200DDF16D /* TaskResult.swift in Sources */,
				DB524CE51D85205400DDF16D /* ResultFuture.swift in Sources */,
				DB524CDF1D85205200DDF16D /* ResultRecovery.swift in Sources */,
				DB524CD31D85204B00DDF16D /* ExistentialFuture.swift in Sources */,
				DB524CD11D85204B00DDF16D /* Deferred.swift in Sources */,
				DB524CD61D85204B00DDF16D /* FutureFlatMap.swift in Sources */,
				DB524CDA1D85204B00DDF16D /* LockProtected.swift in Sources */,
				DB524CE71D85205400DDF16D /* TaskAccumulator.swift in Sources */,
				DB524CE01D85205200DDF16D /* ResultType.swift in Sources */,
				DB524CE81D85205400DDF16D /* TaskCollections.swift in Sources */,
				DB524CEC1D85205400DDF16D /* TaskRecover.swift in Sources */,
				DB524CD51D85204B00DDF16D /* FutureComposition.swift in Sources */,
				DB524CE61D85205400DDF16D /* ResultPromise.swift in Sources */,
				DB524CE21D85205400DDF16D /* BlockCancellableTask.swift in Sources */,
				DB524CD91D85204B00DDF16D /* IgnoringFuture.swift in Sources */,
				DB524CE91D85205400DDF16D /* TaskFlatMap.swift in Sources */,
			);
			runOnlyForDeploymentPostprocessing = 0;
		};
		DB524C761D851E3800DDF16D /* Sources */ = {
			isa = PBXSourcesBuildPhase;
			buildActionMask = 2147483647;
			files = (
				DB524CEE1D85206100DDF16D /* DeferredTests.swift in Sources */,
				DB524CF71D85206100DDF16D /* TaskResultTests.swift in Sources */,
				DB524CF31D85206100DDF16D /* LockProtectedTests.swift in Sources */,
				DB524CF91D85206100DDF16D /* VoidResultTests.swift in Sources */,
				DB524CF81D85206100DDF16D /* TaskTests.swift in Sources */,
				DB524CF41D85206100DDF16D /* ReadWriteLockTests.swift in Sources */,
				DB524CED1D85206100DDF16D /* BlockCancellableTaskTests.swift in Sources */,
				DB524CF21D85206100DDF16D /* IgnoringFutureTests.swift in Sources */,
				DB524CF01D85206100DDF16D /* Fixtures.swift in Sources */,
				DB524CF11D85206100DDF16D /* FutureCustomExecutorTests.swift in Sources */,
				DB524CEF1D85206100DDF16D /* ExistentialFutureTests.swift in Sources */,
				DB524CF61D85206100DDF16D /* TaskAccumulatorTests.swift in Sources */,
				DB524CF51D85206100DDF16D /* ResultRecoveryTests.swift in Sources */,
			);
			runOnlyForDeploymentPostprocessing = 0;
		};
/* End PBXSourcesBuildPhase section */

/* Begin PBXTargetDependency section */
		DB524C7D1D851E3800DDF16D /* PBXTargetDependency */ = {
			isa = PBXTargetDependency;
			target = DB524C701D851E3800DDF16D /* Deferred */;
			targetProxy = DB524C7C1D851E3800DDF16D /* PBXContainerItemProxy */;
		};
/* End PBXTargetDependency section */

/* Begin XCBuildConfiguration section */
		DB524C831D851E3800DDF16D /* Debug */ = {
			isa = XCBuildConfiguration;
			baseConfigurationReference = DB524C8F1D851FD900DDF16D /* Debug.xcconfig */;
			buildSettings = {
			};
			name = Debug;
		};
		DB524C841D851E3800DDF16D /* Release */ = {
			isa = XCBuildConfiguration;
			baseConfigurationReference = DB524C901D851FD900DDF16D /* Release.xcconfig */;
			buildSettings = {
			};
			name = Release;
		};
		DB524C861D851E3800DDF16D /* Debug */ = {
			isa = XCBuildConfiguration;
			baseConfigurationReference = DB524C8D1D851E5B00DDF16D /* Framework.xcconfig */;
			buildSettings = {
			};
			name = Debug;
		};
		DB524C871D851E3800DDF16D /* Release */ = {
			isa = XCBuildConfiguration;
			baseConfigurationReference = DB524C8D1D851E5B00DDF16D /* Framework.xcconfig */;
			buildSettings = {
			};
			name = Release;
		};
		DB524C891D851E3800DDF16D /* Debug */ = {
			isa = XCBuildConfiguration;
			baseConfigurationReference = DB524C8E1D851E5B00DDF16D /* Tests.xcconfig */;
			buildSettings = {
				ALWAYS_EMBED_SWIFT_STANDARD_LIBRARIES = YES;
			};
			name = Debug;
		};
		DB524C8A1D851E3800DDF16D /* Release */ = {
			isa = XCBuildConfiguration;
			baseConfigurationReference = DB524C8E1D851E5B00DDF16D /* Tests.xcconfig */;
			buildSettings = {
				ALWAYS_EMBED_SWIFT_STANDARD_LIBRARIES = YES;
			};
			name = Release;
		};
/* End XCBuildConfiguration section */

/* Begin XCConfigurationList section */
		DB524C6B1D851E3800DDF16D /* Build configuration list for PBXProject "Deferred" */ = {
			isa = XCConfigurationList;
			buildConfigurations = (
				DB524C831D851E3800DDF16D /* Debug */,
				DB524C841D851E3800DDF16D /* Release */,
			);
			defaultConfigurationIsVisible = 0;
			defaultConfigurationName = Release;
		};
		DB524C851D851E3800DDF16D /* Build configuration list for PBXNativeTarget "Deferred" */ = {
			isa = XCConfigurationList;
			buildConfigurations = (
				DB524C861D851E3800DDF16D /* Debug */,
				DB524C871D851E3800DDF16D /* Release */,
			);
			defaultConfigurationIsVisible = 0;
			defaultConfigurationName = Release;
		};
		DB524C881D851E3800DDF16D /* Build configuration list for PBXNativeTarget "DeferredTests" */ = {
			isa = XCConfigurationList;
			buildConfigurations = (
				DB524C891D851E3800DDF16D /* Debug */,
				DB524C8A1D851E3800DDF16D /* Release */,
			);
			defaultConfigurationIsVisible = 0;
			defaultConfigurationName = Release;
		};
/* End XCConfigurationList section */
	};
	rootObject = DB524C681D851E3800DDF16D /* Project object */;
}
