// !$*UTF8*$!
{
	archiveVersion = 1;
	classes = {
	};
	objectVersion = 46;
	objects = {

/* Begin PBXBuildFile section */
		DB0F80A41B680E6C00394A66 /* Deferred.swift in Sources */ = {isa = PBXBuildFile; fileRef = DB0F80A11B680E6C00394A66 /* Deferred.swift */; };
		DB0F80A51B680E6C00394A66 /* Deferred.swift in Sources */ = {isa = PBXBuildFile; fileRef = DB0F80A11B680E6C00394A66 /* Deferred.swift */; };
		DB0F80A61B680E6C00394A66 /* LockProtected.swift in Sources */ = {isa = PBXBuildFile; fileRef = DB0F80A21B680E6C00394A66 /* LockProtected.swift */; };
		DB0F80A71B680E6C00394A66 /* LockProtected.swift in Sources */ = {isa = PBXBuildFile; fileRef = DB0F80A21B680E6C00394A66 /* LockProtected.swift */; };
		DB0F80A81B680E6C00394A66 /* ReadWriteLock.swift in Sources */ = {isa = PBXBuildFile; fileRef = DB0F80A31B680E6C00394A66 /* ReadWriteLock.swift */; };
		DB0F80A91B680E6C00394A66 /* ReadWriteLock.swift in Sources */ = {isa = PBXBuildFile; fileRef = DB0F80A31B680E6C00394A66 /* ReadWriteLock.swift */; };
		DB3294FD1B68066C002160CC /* Deferred.h in Headers */ = {isa = PBXBuildFile; fileRef = DB3294FC1B68066C002160CC /* Deferred.h */; settings = {ATTRIBUTES = (Public, ); }; };
		DB3295541B680872002160CC /* Deferred.h in Headers */ = {isa = PBXBuildFile; fileRef = DB3294FC1B68066C002160CC /* Deferred.h */; settings = {ATTRIBUTES = (Public, ); }; };
		DB91CEB11B68449C00F99EB3 /* DeferredDispatchBridge.h in Headers */ = {isa = PBXBuildFile; fileRef = DB91CEB01B68449C00F99EB3 /* DeferredDispatchBridge.h */; settings = {ATTRIBUTES = (Public, ); }; };
		DB91CEB21B68449C00F99EB3 /* DeferredDispatchBridge.h in Headers */ = {isa = PBXBuildFile; fileRef = DB91CEB01B68449C00F99EB3 /* DeferredDispatchBridge.h */; settings = {ATTRIBUTES = (Public, ); }; };
		DB91CEB41B684F4600F99EB3 /* DispatchBlockFlags.swift in Sources */ = {isa = PBXBuildFile; fileRef = DB91CEB31B684F4600F99EB3 /* DispatchBlockFlags.swift */; };
		DB91CEB51B684F4600F99EB3 /* DispatchBlockFlags.swift in Sources */ = {isa = PBXBuildFile; fileRef = DB91CEB31B684F4600F99EB3 /* DispatchBlockFlags.swift */; };
		DBA0D2DD1B680F7400A498CB /* Deferred.framework in Frameworks */ = {isa = PBXBuildFile; fileRef = DB3295181B680713002160CC /* Deferred.framework */; };
		DBA0D2EC1B680F7E00A498CB /* Deferred.framework in Frameworks */ = {isa = PBXBuildFile; fileRef = DB3294F91B68066C002160CC /* Deferred.framework */; };
		DBA0D2F51B680F9D00A498CB /* DeferredTests.swift in Sources */ = {isa = PBXBuildFile; fileRef = DB0F80AA1B680E7600394A66 /* DeferredTests.swift */; };
		DBA0D2F61B680F9D00A498CB /* LockProtectedTests.swift in Sources */ = {isa = PBXBuildFile; fileRef = DB0F80AB1B680E7600394A66 /* LockProtectedTests.swift */; };
		DBA0D2F71B680F9D00A498CB /* ReadWriteLockTests.swift in Sources */ = {isa = PBXBuildFile; fileRef = DB0F80AC1B680E7600394A66 /* ReadWriteLockTests.swift */; };
		DBA0D2F81B680F9E00A498CB /* DeferredTests.swift in Sources */ = {isa = PBXBuildFile; fileRef = DB0F80AA1B680E7600394A66 /* DeferredTests.swift */; };
		DBA0D2F91B680F9E00A498CB /* LockProtectedTests.swift in Sources */ = {isa = PBXBuildFile; fileRef = DB0F80AB1B680E7600394A66 /* LockProtectedTests.swift */; };
		DBA0D2FA1B680F9E00A498CB /* ReadWriteLockTests.swift in Sources */ = {isa = PBXBuildFile; fileRef = DB0F80AC1B680E7600394A66 /* ReadWriteLockTests.swift */; };
/* End PBXBuildFile section */

/* Begin PBXContainerItemProxy section */
		DBA0D2DE1B680F7400A498CB /* PBXContainerItemProxy */ = {
			isa = PBXContainerItemProxy;
			containerPortal = DB3294F01B68066C002160CC /* Project object */;
			proxyType = 1;
			remoteGlobalIDString = DB3295171B680713002160CC;
			remoteInfo = MobileDeferred;
		};
		DBA0D2ED1B680F7E00A498CB /* PBXContainerItemProxy */ = {
			isa = PBXContainerItemProxy;
			containerPortal = DB3294F01B68066C002160CC /* Project object */;
			proxyType = 1;
			remoteGlobalIDString = DB3294F81B68066C002160CC;
			remoteInfo = Deferred;
		};
/* End PBXContainerItemProxy section */

/* Begin PBXFileReference section */
		DB0F80A11B680E6C00394A66 /* Deferred.swift */ = {isa = PBXFileReference; fileEncoding = 4; lastKnownFileType = sourcecode.swift; path = Deferred.swift; sourceTree = "<group>"; };
		DB0F80A21B680E6C00394A66 /* LockProtected.swift */ = {isa = PBXFileReference; fileEncoding = 4; lastKnownFileType = sourcecode.swift; path = LockProtected.swift; sourceTree = "<group>"; };
		DB0F80A31B680E6C00394A66 /* ReadWriteLock.swift */ = {isa = PBXFileReference; fileEncoding = 4; lastKnownFileType = sourcecode.swift; path = ReadWriteLock.swift; sourceTree = "<group>"; };
		DB0F80AA1B680E7600394A66 /* DeferredTests.swift */ = {isa = PBXFileReference; fileEncoding = 4; lastKnownFileType = sourcecode.swift; path = DeferredTests.swift; sourceTree = "<group>"; };
		DB0F80AB1B680E7600394A66 /* LockProtectedTests.swift */ = {isa = PBXFileReference; fileEncoding = 4; lastKnownFileType = sourcecode.swift; path = LockProtectedTests.swift; sourceTree = "<group>"; };
		DB0F80AC1B680E7600394A66 /* ReadWriteLockTests.swift */ = {isa = PBXFileReference; fileEncoding = 4; lastKnownFileType = sourcecode.swift; path = ReadWriteLockTests.swift; sourceTree = "<group>"; };
		DB3294F91B68066C002160CC /* Deferred.framework */ = {isa = PBXFileReference; explicitFileType = wrapper.framework; includeInIndex = 0; path = Deferred.framework; sourceTree = BUILT_PRODUCTS_DIR; };
		DB3294FC1B68066C002160CC /* Deferred.h */ = {isa = PBXFileReference; lastKnownFileType = sourcecode.c.h; path = Deferred.h; sourceTree = "<group>"; };
		DB3294FE1B68066C002160CC /* Info.plist */ = {isa = PBXFileReference; lastKnownFileType = text.plist.xml; path = Info.plist; sourceTree = "<group>"; };
		DB3295181B680713002160CC /* Deferred.framework */ = {isa = PBXFileReference; explicitFileType = wrapper.framework; includeInIndex = 0; path = Deferred.framework; sourceTree = BUILT_PRODUCTS_DIR; };
		DB3295461B680731002160CC /* Info.plist */ = {isa = PBXFileReference; lastKnownFileType = text.plist.xml; path = Info.plist; sourceTree = "<group>"; };
		DB32954E1B680744002160CC /* Base.xcconfig */ = {isa = PBXFileReference; lastKnownFileType = text.xcconfig; path = Base.xcconfig; sourceTree = "<group>"; };
		DB32954F1B680744002160CC /* Debug.xcconfig */ = {isa = PBXFileReference; lastKnownFileType = text.xcconfig; path = Debug.xcconfig; sourceTree = "<group>"; };
		DB3295501B680744002160CC /* Deferred.xcconfig */ = {isa = PBXFileReference; lastKnownFileType = text.xcconfig; path = Deferred.xcconfig; sourceTree = "<group>"; };
		DB3295511B680744002160CC /* Release.xcconfig */ = {isa = PBXFileReference; lastKnownFileType = text.xcconfig; path = Release.xcconfig; sourceTree = "<group>"; };
		DB3295521B680744002160CC /* Tests.xcconfig */ = {isa = PBXFileReference; lastKnownFileType = text.xcconfig; path = Tests.xcconfig; sourceTree = "<group>"; };
		DB91CEB01B68449C00F99EB3 /* DeferredDispatchBridge.h */ = {isa = PBXFileReference; fileEncoding = 4; lastKnownFileType = sourcecode.c.h; path = DeferredDispatchBridge.h; sourceTree = "<group>"; };
		DB91CEB31B684F4600F99EB3 /* DispatchBlockFlags.swift */ = {isa = PBXFileReference; fileEncoding = 4; lastKnownFileType = sourcecode.swift; path = DispatchBlockFlags.swift; sourceTree = "<group>"; };
		DBA0D2D81B680F7400A498CB /* MobileDeferredTests.xctest */ = {isa = PBXFileReference; explicitFileType = wrapper.cfbundle; includeInIndex = 0; path = MobileDeferredTests.xctest; sourceTree = BUILT_PRODUCTS_DIR; };
		DBA0D2E71B680F7E00A498CB /* DeferredTests.xctest */ = {isa = PBXFileReference; explicitFileType = wrapper.cfbundle; includeInIndex = 0; path = DeferredTests.xctest; sourceTree = BUILT_PRODUCTS_DIR; };
/* End PBXFileReference section */

/* Begin PBXFrameworksBuildPhase section */
		DB3294F51B68066C002160CC /* Frameworks */ = {
			isa = PBXFrameworksBuildPhase;
			buildActionMask = 2147483647;
			files = (
			);
			runOnlyForDeploymentPostprocessing = 0;
		};
		DB3295141B680713002160CC /* Frameworks */ = {
			isa = PBXFrameworksBuildPhase;
			buildActionMask = 2147483647;
			files = (
			);
			runOnlyForDeploymentPostprocessing = 0;
		};
		DBA0D2D51B680F7400A498CB /* Frameworks */ = {
			isa = PBXFrameworksBuildPhase;
			buildActionMask = 2147483647;
			files = (
				DBA0D2DD1B680F7400A498CB /* Deferred.framework in Frameworks */,
			);
			runOnlyForDeploymentPostprocessing = 0;
		};
		DBA0D2E41B680F7E00A498CB /* Frameworks */ = {
			isa = PBXFrameworksBuildPhase;
			buildActionMask = 2147483647;
			files = (
				DBA0D2EC1B680F7E00A498CB /* Deferred.framework in Frameworks */,
			);
			runOnlyForDeploymentPostprocessing = 0;
		};
/* End PBXFrameworksBuildPhase section */

/* Begin PBXGroup section */
		DB3294EF1B68066C002160CC = {
			isa = PBXGroup;
			children = (
				DB32954D1B680744002160CC /* Configurations */,
				DB3294FB1B68066C002160CC /* Deferred */,
				DB3295431B680731002160CC /* DeferredTests */,
				DB3294FA1B68066C002160CC /* Products */,
			);
			sourceTree = "<group>";
		};
		DB3294FA1B68066C002160CC /* Products */ = {
			isa = PBXGroup;
			children = (
				DB3294F91B68066C002160CC /* Deferred.framework */,
				DB3295181B680713002160CC /* Deferred.framework */,
				DBA0D2D81B680F7400A498CB /* MobileDeferredTests.xctest */,
				DBA0D2E71B680F7E00A498CB /* DeferredTests.xctest */,
			);
			name = Products;
			sourceTree = "<group>";
		};
		DB3294FB1B68066C002160CC /* Deferred */ = {
			isa = PBXGroup;
			children = (
				DB3294FC1B68066C002160CC /* Deferred.h */,
				DB91CEB01B68449C00F99EB3 /* DeferredDispatchBridge.h */,
				DB0F80A11B680E6C00394A66 /* Deferred.swift */,
				DB91CEB31B684F4600F99EB3 /* DispatchBlockFlags.swift */,
				DB0F80A21B680E6C00394A66 /* LockProtected.swift */,
				DB0F80A31B680E6C00394A66 /* ReadWriteLock.swift */,
				DB3294FE1B68066C002160CC /* Info.plist */,
			);
			path = Deferred;
			sourceTree = "<group>";
		};
		DB3295431B680731002160CC /* DeferredTests */ = {
			isa = PBXGroup;
			children = (
				DB0F80AA1B680E7600394A66 /* DeferredTests.swift */,
				DB0F80AB1B680E7600394A66 /* LockProtectedTests.swift */,
				DB0F80AC1B680E7600394A66 /* ReadWriteLockTests.swift */,
				DB3295461B680731002160CC /* Info.plist */,
			);
			path = DeferredTests;
			sourceTree = SOURCE_ROOT;
		};
		DB32954D1B680744002160CC /* Configurations */ = {
			isa = PBXGroup;
			children = (
				DB32954E1B680744002160CC /* Base.xcconfig */,
				DB32954F1B680744002160CC /* Debug.xcconfig */,
				DB3295501B680744002160CC /* Deferred.xcconfig */,
				DB3295511B680744002160CC /* Release.xcconfig */,
				DB3295521B680744002160CC /* Tests.xcconfig */,
			);
			path = Configurations;
			sourceTree = "<group>";
		};
/* End PBXGroup section */

/* Begin PBXHeadersBuildPhase section */
		DB3294F61B68066C002160CC /* Headers */ = {
			isa = PBXHeadersBuildPhase;
			buildActionMask = 2147483647;
			files = (
				DB91CEB11B68449C00F99EB3 /* DeferredDispatchBridge.h in Headers */,
				DB3294FD1B68066C002160CC /* Deferred.h in Headers */,
			);
			runOnlyForDeploymentPostprocessing = 0;
		};
		DB3295151B680713002160CC /* Headers */ = {
			isa = PBXHeadersBuildPhase;
			buildActionMask = 2147483647;
			files = (
				DB91CEB21B68449C00F99EB3 /* DeferredDispatchBridge.h in Headers */,
				DB3295541B680872002160CC /* Deferred.h in Headers */,
			);
			runOnlyForDeploymentPostprocessing = 0;
		};
/* End PBXHeadersBuildPhase section */

/* Begin PBXNativeTarget section */
		DB3294F81B68066C002160CC /* Deferred */ = {
			isa = PBXNativeTarget;
			buildConfigurationList = DB32950D1B68066C002160CC /* Build configuration list for PBXNativeTarget "Deferred" */;
			buildPhases = (
				DB3294F41B68066C002160CC /* Sources */,
				DB3294F51B68066C002160CC /* Frameworks */,
				DB3294F61B68066C002160CC /* Headers */,
				DB3294F71B68066C002160CC /* Resources */,
			);
			buildRules = (
			);
			dependencies = (
			);
			name = Deferred;
			productName = Deferred;
			productReference = DB3294F91B68066C002160CC /* Deferred.framework */;
			productType = "com.apple.product-type.framework";
		};
		DB3295171B680713002160CC /* MobileDeferred */ = {
			isa = PBXNativeTarget;
			buildConfigurationList = DB3295291B680713002160CC /* Build configuration list for PBXNativeTarget "MobileDeferred" */;
			buildPhases = (
				DB3295131B680713002160CC /* Sources */,
				DB3295141B680713002160CC /* Frameworks */,
				DB3295151B680713002160CC /* Headers */,
				DB3295161B680713002160CC /* Resources */,
			);
			buildRules = (
			);
			dependencies = (
			);
			name = MobileDeferred;
			productName = MobileDeferred;
			productReference = DB3295181B680713002160CC /* Deferred.framework */;
			productType = "com.apple.product-type.framework";
		};
		DBA0D2D71B680F7400A498CB /* MobileDeferredTests */ = {
			isa = PBXNativeTarget;
			buildConfigurationList = DBA0D2E01B680F7400A498CB /* Build configuration list for PBXNativeTarget "MobileDeferredTests" */;
			buildPhases = (
				DBA0D2D41B680F7400A498CB /* Sources */,
				DBA0D2D51B680F7400A498CB /* Frameworks */,
				DBA0D2D61B680F7400A498CB /* Resources */,
			);
			buildRules = (
			);
			dependencies = (
				DBA0D2DF1B680F7400A498CB /* PBXTargetDependency */,
			);
			name = MobileDeferredTests;
			productName = MobileDeferredTestsNew;
			productReference = DBA0D2D81B680F7400A498CB /* MobileDeferredTests.xctest */;
			productType = "com.apple.product-type.bundle.unit-test";
		};
		DBA0D2E61B680F7E00A498CB /* DeferredTests */ = {
			isa = PBXNativeTarget;
			buildConfigurationList = DBA0D2EF1B680F7E00A498CB /* Build configuration list for PBXNativeTarget "DeferredTests" */;
			buildPhases = (
				DBA0D2E31B680F7E00A498CB /* Sources */,
				DBA0D2E41B680F7E00A498CB /* Frameworks */,
				DBA0D2E51B680F7E00A498CB /* Resources */,
			);
			buildRules = (
			);
			dependencies = (
				DBA0D2EE1B680F7E00A498CB /* PBXTargetDependency */,
			);
			name = DeferredTests;
			productName = DeferredTestsNew;
			productReference = DBA0D2E71B680F7E00A498CB /* DeferredTests.xctest */;
			productType = "com.apple.product-type.bundle.unit-test";
		};
/* End PBXNativeTarget section */

/* Begin PBXProject section */
		DB3294F01B68066C002160CC /* Project object */ = {
			isa = PBXProject;
			attributes = {
				LastSwiftUpdateCheck = 0700;
				LastUpgradeCheck = 0700;
				ORGANIZATIONNAME = "Big Nerd Ranch";
				TargetAttributes = {
					DB3294F81B68066C002160CC = {
						CreatedOnToolsVersion = 7.0;
					};
					DB3295171B680713002160CC = {
						CreatedOnToolsVersion = 7.0;
					};
					DBA0D2D71B680F7400A498CB = {
						CreatedOnToolsVersion = 7.0;
					};
					DBA0D2E61B680F7E00A498CB = {
						CreatedOnToolsVersion = 7.0;
					};
				};
			};
			buildConfigurationList = DB3294F31B68066C002160CC /* Build configuration list for PBXProject "Deferred" */;
			compatibilityVersion = "Xcode 3.2";
			developmentRegion = English;
			hasScannedForEncodings = 0;
			knownRegions = (
				en,
			);
			mainGroup = DB3294EF1B68066C002160CC;
			productRefGroup = DB3294FA1B68066C002160CC /* Products */;
			projectDirPath = "";
			projectRoot = "";
			targets = (
				DB3294F81B68066C002160CC /* Deferred */,
				DBA0D2E61B680F7E00A498CB /* DeferredTests */,
				DB3295171B680713002160CC /* MobileDeferred */,
				DBA0D2D71B680F7400A498CB /* MobileDeferredTests */,
			);
		};
/* End PBXProject section */

/* Begin PBXResourcesBuildPhase section */
		DB3294F71B68066C002160CC /* Resources */ = {
			isa = PBXResourcesBuildPhase;
			buildActionMask = 2147483647;
			files = (
			);
			runOnlyForDeploymentPostprocessing = 0;
		};
		DB3295161B680713002160CC /* Resources */ = {
			isa = PBXResourcesBuildPhase;
			buildActionMask = 2147483647;
			files = (
			);
			runOnlyForDeploymentPostprocessing = 0;
		};
		DBA0D2D61B680F7400A498CB /* Resources */ = {
			isa = PBXResourcesBuildPhase;
			buildActionMask = 2147483647;
			files = (
			);
			runOnlyForDeploymentPostprocessing = 0;
		};
		DBA0D2E51B680F7E00A498CB /* Resources */ = {
			isa = PBXResourcesBuildPhase;
			buildActionMask = 2147483647;
			files = (
			);
			runOnlyForDeploymentPostprocessing = 0;
		};
/* End PBXResourcesBuildPhase section */

/* Begin PBXSourcesBuildPhase section */
		DB3294F41B68066C002160CC /* Sources */ = {
			isa = PBXSourcesBuildPhase;
			buildActionMask = 2147483647;
			files = (
				DB0F80A81B680E6C00394A66 /* ReadWriteLock.swift in Sources */,
				DB0F80A41B680E6C00394A66 /* Deferred.swift in Sources */,
				DB0F80A61B680E6C00394A66 /* LockProtected.swift in Sources */,
				DB91CEB41B684F4600F99EB3 /* DispatchBlockFlags.swift in Sources */,
			);
			runOnlyForDeploymentPostprocessing = 0;
		};
		DB3295131B680713002160CC /* Sources */ = {
			isa = PBXSourcesBuildPhase;
			buildActionMask = 2147483647;
			files = (
				DB0F80A91B680E6C00394A66 /* ReadWriteLock.swift in Sources */,
				DB0F80A51B680E6C00394A66 /* Deferred.swift in Sources */,
				DB0F80A71B680E6C00394A66 /* LockProtected.swift in Sources */,
				DB91CEB51B684F4600F99EB3 /* DispatchBlockFlags.swift in Sources */,
			);
			runOnlyForDeploymentPostprocessing = 0;
		};
		DBA0D2D41B680F7400A498CB /* Sources */ = {
			isa = PBXSourcesBuildPhase;
			buildActionMask = 2147483647;
			files = (
				DBA0D2F81B680F9E00A498CB /* DeferredTests.swift in Sources */,
				DBA0D2F91B680F9E00A498CB /* LockProtectedTests.swift in Sources */,
				DBA0D2FA1B680F9E00A498CB /* ReadWriteLockTests.swift in Sources */,
			);
			runOnlyForDeploymentPostprocessing = 0;
		};
		DBA0D2E31B680F7E00A498CB /* Sources */ = {
			isa = PBXSourcesBuildPhase;
			buildActionMask = 2147483647;
			files = (
				DBA0D2F51B680F9D00A498CB /* DeferredTests.swift in Sources */,
				DBA0D2F61B680F9D00A498CB /* LockProtectedTests.swift in Sources */,
				DBA0D2F71B680F9D00A498CB /* ReadWriteLockTests.swift in Sources */,
			);
			runOnlyForDeploymentPostprocessing = 0;
		};
/* End PBXSourcesBuildPhase section */

/* Begin PBXTargetDependency section */
		DBA0D2DF1B680F7400A498CB /* PBXTargetDependency */ = {
			isa = PBXTargetDependency;
			target = DB3295171B680713002160CC /* MobileDeferred */;
			targetProxy = DBA0D2DE1B680F7400A498CB /* PBXContainerItemProxy */;
		};
		DBA0D2EE1B680F7E00A498CB /* PBXTargetDependency */ = {
			isa = PBXTargetDependency;
			target = DB3294F81B68066C002160CC /* Deferred */;
			targetProxy = DBA0D2ED1B680F7E00A498CB /* PBXContainerItemProxy */;
		};
/* End PBXTargetDependency section */

/* Begin XCBuildConfiguration section */
		DB32950B1B68066C002160CC /* Debug */ = {
			isa = XCBuildConfiguration;
			baseConfigurationReference = DB32954F1B680744002160CC /* Debug.xcconfig */;
			buildSettings = {
				ENABLE_TESTABILITY = YES;
				SDKROOT = macosx;
			};
			name = Debug;
		};
		DB32950C1B68066C002160CC /* Release */ = {
			isa = XCBuildConfiguration;
			baseConfigurationReference = DB3295511B680744002160CC /* Release.xcconfig */;
			buildSettings = {
				SDKROOT = macosx;
			};
			name = Release;
		};
		DB32950E1B68066C002160CC /* Debug */ = {
			isa = XCBuildConfiguration;
			baseConfigurationReference = DB3295501B680744002160CC /* Deferred.xcconfig */;
			buildSettings = {
				CLANG_ENABLE_MODULES = YES;
				COMBINE_HIDPI_IMAGES = YES;
				DEFINES_MODULE = YES;
				LD_RUNPATH_SEARCH_PATHS = "$(inherited) @executable_path/../Frameworks @loader_path/Frameworks";
				SWIFT_OPTIMIZATION_LEVEL = "-Onone";
			};
			name = Debug;
		};
		DB32950F1B68066C002160CC /* Release */ = {
			isa = XCBuildConfiguration;
			baseConfigurationReference = DB3295501B680744002160CC /* Deferred.xcconfig */;
			buildSettings = {
				CLANG_ENABLE_MODULES = YES;
				COMBINE_HIDPI_IMAGES = YES;
				DEFINES_MODULE = YES;
				LD_RUNPATH_SEARCH_PATHS = "$(inherited) @executable_path/../Frameworks @loader_path/Frameworks";
			};
			name = Release;
		};
		DB32952A1B680713002160CC /* Debug */ = {
			isa = XCBuildConfiguration;
			baseConfigurationReference = DB3295501B680744002160CC /* Deferred.xcconfig */;
			buildSettings = {
				CLANG_ENABLE_MODULES = YES;
				DEFINES_MODULE = YES;
				LD_RUNPATH_SEARCH_PATHS = "$(inherited) @executable_path/Frameworks @loader_path/Frameworks";
				SDKROOT = iphoneos;
				SWIFT_OPTIMIZATION_LEVEL = "-Onone";
				TARGETED_DEVICE_FAMILY = "1,2";
			};
			name = Debug;
		};
		DB32952B1B680713002160CC /* Release */ = {
			isa = XCBuildConfiguration;
			baseConfigurationReference = DB3295501B680744002160CC /* Deferred.xcconfig */;
			buildSettings = {
				CLANG_ENABLE_MODULES = YES;
				DEFINES_MODULE = YES;
				LD_RUNPATH_SEARCH_PATHS = "$(inherited) @executable_path/Frameworks @loader_path/Frameworks";
				SDKROOT = iphoneos;
				TARGETED_DEVICE_FAMILY = "1,2";
			};
			name = Release;
		};
		DBA0D2E11B680F7400A498CB /* Debug */ = {
			isa = XCBuildConfiguration;
			baseConfigurationReference = DB3295521B680744002160CC /* Tests.xcconfig */;
			buildSettings = {
				ALWAYS_SEARCH_USER_PATHS = NO;
				GCC_NO_COMMON_BLOCKS = YES;
				SDKROOT = iphoneos;
			};
			name = Debug;
		};
		DBA0D2E21B680F7400A498CB /* Release */ = {
			isa = XCBuildConfiguration;
			baseConfigurationReference = DB3295521B680744002160CC /* Tests.xcconfig */;
			buildSettings = {
				ALWAYS_SEARCH_USER_PATHS = NO;
				GCC_NO_COMMON_BLOCKS = YES;
				SDKROOT = iphoneos;
			};
			name = Release;
		};
		DBA0D2F01B680F7E00A498CB /* Debug */ = {
			isa = XCBuildConfiguration;
			baseConfigurationReference = DB3295521B680744002160CC /* Tests.xcconfig */;
			buildSettings = {
				ALWAYS_SEARCH_USER_PATHS = NO;
				COMBINE_HIDPI_IMAGES = YES;
			};
			name = Debug;
		};
		DBA0D2F11B680F7E00A498CB /* Release */ = {
			isa = XCBuildConfiguration;
			baseConfigurationReference = DB3295521B680744002160CC /* Tests.xcconfig */;
			buildSettings = {
				ALWAYS_SEARCH_USER_PATHS = NO;
				COMBINE_HIDPI_IMAGES = YES;
			};
			name = Release;
		};
/* End XCBuildConfiguration section */

/* Begin XCConfigurationList section */
		DB3294F31B68066C002160CC /* Build configuration list for PBXProject "Deferred" */ = {
			isa = XCConfigurationList;
			buildConfigurations = (
				DB32950B1B68066C002160CC /* Debug */,
				DB32950C1B68066C002160CC /* Release */,
			);
			defaultConfigurationIsVisible = 0;
			defaultConfigurationName = Release;
		};
		DB32950D1B68066C002160CC /* Build configuration list for PBXNativeTarget "Deferred" */ = {
			isa = XCConfigurationList;
			buildConfigurations = (
				DB32950E1B68066C002160CC /* Debug */,
				DB32950F1B68066C002160CC /* Release */,
			);
			defaultConfigurationIsVisible = 0;
			defaultConfigurationName = Release;
		};
		DB3295291B680713002160CC /* Build configuration list for PBXNativeTarget "MobileDeferred" */ = {
			isa = XCConfigurationList;
			buildConfigurations = (
				DB32952A1B680713002160CC /* Debug */,
				DB32952B1B680713002160CC /* Release */,
			);
			defaultConfigurationIsVisible = 0;
			defaultConfigurationName = Release;
		};
		DBA0D2E01B680F7400A498CB /* Build configuration list for PBXNativeTarget "MobileDeferredTests" */ = {
			isa = XCConfigurationList;
			buildConfigurations = (
				DBA0D2E11B680F7400A498CB /* Debug */,
				DBA0D2E21B680F7400A498CB /* Release */,
			);
			defaultConfigurationIsVisible = 0;
			defaultConfigurationName = Release;
		};
		DBA0D2EF1B680F7E00A498CB /* Build configuration list for PBXNativeTarget "DeferredTests" */ = {
			isa = XCConfigurationList;
			buildConfigurations = (
				DBA0D2F01B680F7E00A498CB /* Debug */,
				DBA0D2F11B680F7E00A498CB /* Release */,
			);
			defaultConfigurationIsVisible = 0;
			defaultConfigurationName = Release;
		};
/* End XCConfigurationList section */
	};
	rootObject = DB3294F01B68066C002160CC /* Project object */;
}
