<?xml version="1.0" encoding="UTF-8"?>
<Scheme
   LastUpgradeVersion = "0800"
   version = "1.3">
   <BuildAction
      parallelizeBuildables = "YES"
      buildImplicitDependencies = "YES">
      <BuildActionEntries>
         <BuildActionEntry
            buildForTesting = "YES"
            buildForRunning = "YES"
            buildForProfiling = "YES"
            buildForArchiving = "YES"
            buildForAnalyzing = "YES">
            <BuildableReference
               BuildableIdentifier = "primary"
               BlueprintIdentifier = "DB6ADFD21C237DD500D77BF1"
               BuildableName = "Deferred.framework"
               BlueprintName = "MobileDeferred"
               ReferencedContainer = "container:Deferred.xcodeproj">
            </BuildableReference>
         </BuildActionEntry>
         <BuildActionEntry
            buildForTesting = "YES"
            buildForRunning = "NO"
            buildForProfiling = "NO"
            buildForArchiving = "NO"
            buildForAnalyzing = "YES">
            <BuildableReference
               BuildableIdentifier = "primary"
               BlueprintIdentifier = "DB6ADFDC1C237DD500D77BF1"
               BuildableName = "MobileDeferredTests.xctest"
               BlueprintName = "MobileDeferredTests"
               ReferencedContainer = "container:Deferred.xcodeproj">
            </BuildableReference>
         </BuildActionEntry>
      </BuildActionEntries>
   </BuildAction>
   <TestAction
      buildConfiguration = "Debug"
      selectedDebuggerIdentifier = "Xcode.DebuggerFoundation.Debugger.LLDB"
      selectedLauncherIdentifier = "Xcode.DebuggerFoundation.Launcher.LLDB"
      shouldUseLaunchSchemeArgsEnv = "YES"
      codeCoverageEnabled = "YES">
      <Testables>
         <TestableReference
            skipped = "NO">
            <BuildableReference
               BuildableIdentifier = "primary"
               BlueprintIdentifier = "DB6ADFDC1C237DD500D77BF1"
               BuildableName = "MobileDeferredTests.xctest"
               BlueprintName = "MobileDeferredTests"
               ReferencedContainer = "container:Deferred.xcodeproj">
            </BuildableReference>
            <SkippedTests>
               <Test
                  Identifier = "BlockCancellationTests">
               </Test>
               <Test
                  Identifier = "CustomExecutorTestCase">
               </Test>
               <Test
                  Identifier = "CustomQueueTestCase">
               </Test>
               <Test
                  Identifier = "DeferredTests">
               </Test>
               <Test
                  Identifier = "ExistentialFutureTests">
               </Test>
               <Test
                  Identifier = "FutureCustomExecutorTests">
               </Test>
               <Test
                  Identifier = "IgnoringFutureTests">
               </Test>
               <Test
                  Identifier = "LockProtectedTests">
               </Test>
               <Test
                  Identifier = "ReadWriteLockTests">
               </Test>
               <Test
                  Identifier = "ResultRecoveryTests">
               </Test>
               <Test
                  Identifier = "ResultTests">
               </Test>
               <Test
                  Identifier = "TaskAccumulatorTests">
               </Test>
               <Test
                  Identifier = "TaskCustomExecutorTests">
               </Test>
               <Test
                  Identifier = "TaskCustomQueueTests">
               </Test>
               <Test
                  Identifier = "TaskTests/testThatMapPassesThroughErrors()">
               </Test>
               <Test
                  Identifier = "TaskTests/testThatRecoverMapsFailures()">
               </Test>
               <Test
                  Identifier = "TaskTests/testThatRecoverPassesThroughValues()">
               </Test>
               <Test
                  Identifier = "TaskTests/testThatThrowingFlatMapSubstitutesWithError()">
               </Test>
               <Test
                  Identifier = "TaskTests/testThatThrowingMapSubstitutesWithError()">
               </Test>
               <Test
                  Identifier = "TaskTests/testUponFailure()">
               </Test>
               <Test
                  Identifier = "TaskTests/testUponSuccess()">
               </Test>
               <Test
                  Identifier = "VoidResultTests">
               </Test>
            </SkippedTests>
         </TestableReference>
      </Testables>
      <MacroExpansion>
         <BuildableReference
            BuildableIdentifier = "primary"
            BlueprintIdentifier = "DB6ADFD21C237DD500D77BF1"
            BuildableName = "Deferred.framework"
            BlueprintName = "MobileDeferred"
            ReferencedContainer = "container:Deferred.xcodeproj">
         </BuildableReference>
      </MacroExpansion>
      <AdditionalOptions>
      </AdditionalOptions>
   </TestAction>
   <LaunchAction
      buildConfiguration = "Debug"
      selectedDebuggerIdentifier = "Xcode.DebuggerFoundation.Debugger.LLDB"
      selectedLauncherIdentifier = "Xcode.DebuggerFoundation.Launcher.LLDB"
      launchStyle = "0"
      useCustomWorkingDirectory = "NO"
      ignoresPersistentStateOnLaunch = "NO"
      debugDocumentVersioning = "YES"
      debugServiceExtension = "internal"
      allowLocationSimulation = "YES">
      <MacroExpansion>
         <BuildableReference
            BuildableIdentifier = "primary"
            BlueprintIdentifier = "DB6ADFD21C237DD500D77BF1"
            BuildableName = "Deferred.framework"
            BlueprintName = "MobileDeferred"
            ReferencedContainer = "container:Deferred.xcodeproj">
         </BuildableReference>
      </MacroExpansion>
      <AdditionalOptions>
         <AdditionalOption
            key = "NSZombieEnabled"
            value = "YES"
            isEnabled = "YES">
         </AdditionalOption>
      </AdditionalOptions>
   </LaunchAction>
   <ProfileAction
      buildConfiguration = "Release"
      shouldUseLaunchSchemeArgsEnv = "YES"
      savedToolIdentifier = ""
      useCustomWorkingDirectory = "NO"
      debugDocumentVersioning = "YES">
      <MacroExpansion>
         <BuildableReference
            BuildableIdentifier = "primary"
            BlueprintIdentifier = "DB6ADFD21C237DD500D77BF1"
            BuildableName = "Deferred.framework"
            BlueprintName = "MobileDeferred"
            ReferencedContainer = "container:Deferred.xcodeproj">
         </BuildableReference>
      </MacroExpansion>
   </ProfileAction>
   <AnalyzeAction
      buildConfiguration = "Debug">
   </AnalyzeAction>
   <ArchiveAction
      buildConfiguration = "Release"
      revealArchiveInOrganizer = "YES">
   </ArchiveAction>
</Scheme>
